
Microsoft Visual Studio Solution File, Format Version 12.00
# Visual Studio Version 17
VisualStudioVersion = 17.0.31903.59
MinimumVisualStudioVersion = 10.0.40219.1
Project("{FAE04EC0-301F-11D3-BF4B-00C04F79EFBC}") = "ISE.Core", "src/ISE.Core/ISE.Core.csproj", "{4F24DB49-4D39-4F10-A369-3992F2C6EC64}"
EndProject
Project("{FAE04EC0-301F-11D3-BF4B-00C04F79EFBC}") = "ISE.Core.Tests", "tests/ISE.Core.Tests/ISE.Core.Tests.csproj", "{6EE4BA45-3B44-4DB2-A723-E1AA274C32B2}"
EndProject
Project("{FAE04EC0-301F-11D3-BF4B-00C04F79EFBC}") = "ISE.Session", "src/ISE.Session/ISE.Session.csproj", "{A0B996E8-23B5-4AB8-9C12-7D88FA6B48AA}"
EndProject
Project("{FAE04EC0-301F-11D3-BF4B-00C04F79EFBC}") = "ISE.Session.Tests", "tests/ISE.Session.Tests/ISE.Session.Tests.csproj", "{E186A75C-241D-4890-A97D-EDC8E2017971}"
EndProject
Project("{FAE04EC0-301F-11D3-BF4B-00C04F79EFBC}") = "ISE.Trend", "src/ISE.Trend/ISE.Trend.csproj", "{C1080B37-D8D3-4534-AAC4-4F0634C25BE8}"
EndProject
Project("{FAE04EC0-301F-11D3-BF4B-00C04F79EFBC}") = "ISE.Trend.Tests", "tests/ISE.Trend.Tests/ISE.Trend.Tests.csproj", "{30A6D185-BB06-4433-B923-CB26C9114893}"
EndProject
Project("{FAE04EC0-301F-11D3-BF4B-00C04F79EFBC}") = "ISE.MarketData", "src/ISE.MarketData/ISE.MarketData.csproj", "{D02F3224-BF19-4C6C-A491-26E9CE361351}"
EndProject
Project("{FAE04EC0-301F-11D3-BF4B-00C04F79EFBC}") = "ISE.MarketData.Tests", "tests/ISE.MarketData.Tests/ISE.MarketData.Tests.csproj", "{6DD93605-6EA2-4AA4-A095-6DE0414B16CB}"
EndProject
Project("{FAE04EC0-301F-11D3-BF4B-00C04F79EFBC}") = "ISE.MarketStructure", "src/ISE.MarketStructure/ISE.MarketStructure.csproj", "{F62E57D0-6D92-45AA-A266-41E0909A1984}"
EndProject
Project("{FAE04EC0-301F-11D3-BF4B-00C04F79EFBC}") = "ISE.MarketStructure.Tests", "tests/ISE.MarketStructure.Tests/ISE.MarketStructure.Tests.csproj", "{90A8D840-CC39-4DD8-A759-E3C8917FD072}"
EndProject
Project("{FAE04EC0-301F-11D3-BF4B-00C04F79EFBC}") = "ISE.Liquidity", "src/ISE.Liquidity/ISE.Liquidity.csproj", "{B61B4A9B-2D7A-49CD-9B49-A5441774F868}"
EndProject
Project("{FAE04EC0-301F-11D3-BF4B-00C04F79EFBC}") = "ISE.Liquidity.Tests", "tests/ISE.Liquidity.Tests/ISE.Liquidity.Tests.csproj", "{D3C50B3A-77D7-4A3C-937E-3850F4D91E35}"
EndProject
Project("{FAE04EC0-301F-11D3-BF4B-00C04F79EFBC}") = "ISE.OrderFlow", "src/ISE.OrderFlow/ISE.OrderFlow.csproj", "{E7A5C842-A854-41B8-A5CB-3B70B0A52AC2}"
EndProject
Project("{FAE04EC0-301F-11D3-BF4B-00C04F79EFBC}") = "ISE.OrderFlow.Tests", "tests/ISE.OrderFlow.Tests/ISE.OrderFlow.Tests.csproj", "{98D237E5-87FB-4D67-A563-BF6809F670EC}"
EndProject
Project("{FAE04EC0-301F-11D3-BF4B-00C04F79EFBC}") = "ISE.Signal", "src/ISE.Signal/ISE.Signal.csproj", "{7D4C4D60-52FA-4A62-AF5F-7D27791B7D1B}"
EndProject
Project("{FAE04EC0-301F-11D3-BF4B-00C04F79EFBC}") = "ISE.Signal.Tests", "tests/ISE.Signal.Tests/ISE.Signal.Tests.csproj", "{334F819F-1D31-4F4A-B208-8F9B1EF2385D}"
EndProject
Project("{2150E333-8FDC-42A3-9474-1A3956D46DE8}") = "src", "src", "{827E0CD3-B72D-47B6-A68D-7590B98EB39B}"
EndProject
Project("{FAE04EC0-301F-11D3-BF4B-00C04F79EFBC}") = "ISE.Risk", "src\ISE.Risk\ISE.Risk.csproj", "{02B7CC57-F554-46D2-BF08-6884138F8B3D}"
EndProject
Project("{2150E333-8FDC-42A3-9474-1A3956D46DE8}") = "tests", "tests", "{0AB3BF05-4346-4AA6-1389-037BE0695223}"
EndProject
Project("{FAE04EC0-301F-11D3-BF4B-00C04F79EFBC}") = "ISE.Risk.Tests", "tests\ISE.Risk.Tests\ISE.Risk.Tests.csproj", "{CFCBEC10-9C03-493A-9389-F8FE01945EEF}"
EndProject
Project("{FAE04EC0-301F-11D3-BF4B-00C04F79EFBC}") = "ISE.Strategy", "src\ISE.Strategy\ISE.Strategy.csproj", "{A2D0F1D1-2607-4E91-85D5-021410C978B2}"
EndProject
Project("{FAE04EC0-301F-11D3-BF4B-00C04F79EFBC}") = "ISE.Strategy.Tests", "tests\ISE.Strategy.Tests\ISE.Strategy.Tests.csproj", "{FE4A76F9-8DA1-4FAE-8CC9-7C57E38B9C04}"
EndProject
Project("{FAE04EC0-301F-11D3-BF4B-00C04F79EFBC}") = "ISE.AccountObjectives", "src\ISE.AccountObjectives\ISE.AccountObjectives.csproj", "{16D3D376-465B-42DA-9ACC-C560A77B66FF}"
EndProject
Project("{FAE04EC0-301F-11D3-BF4B-00C04F79EFBC}") = "ISE.AccountObjectives.Tests", "tests\ISE.AccountObjectives.Tests\ISE.AccountObjectives.Tests.csproj", "{22255757-FA5E-476B-B571-202138D243EE}"
EndProject
Project("{FAE04EC0-301F-11D3-BF4B-00C04F79EFBC}") = "ISE.TradePlanning", "src\ISE.TradePlanning\ISE.TradePlanning.csproj", "{D1D6727D-B25C-4CE9-B111-32BC91D8FBDD}"
EndProject
Project("{FAE04EC0-301F-11D3-BF4B-00C04F79EFBC}") = "ISE.TradePlanning.Tests", "tests\ISE.TradePlanning.Tests\ISE.TradePlanning.Tests.csproj", "{F068B587-2EF1-459C-9A0D-09931BAF14B5}"
EndProject
Project("{FAE04EC0-301F-11D3-BF4B-00C04F79EFBC}") = "ISE.Execution", "src\ISE.Execution\ISE.Execution.csproj", "{52F51AA6-5133-4CCA-87F5-9058B81D3D99}"
EndProject
Project("{FAE04EC0-301F-11D3-BF4B-00C04F79EFBC}") = "ISE.Execution.Tests", "tests\ISE.Execution.Tests\ISE.Execution.Tests.csproj", "{1E1B952B-0CA5-48EA-B128-88A1B2E8921B}"
EndProject
Project("{FAE04EC0-301F-11D3-BF4B-00C04F79EFBC}") = "ISE.PositionManagement", "src\ISE.PositionManagement\ISE.PositionManagement.csproj", "{0897271D-4769-43B3-9032-898B718247D5}"
EndProject
Project("{FAE04EC0-301F-11D3-BF4B-00C04F79EFBC}") = "ISE.PositionManagement.Tests", "tests\ISE.PositionManagement.Tests\ISE.PositionManagement.Tests.csproj", "{2AA2D9AA-68A4-421F-83B4-45598CEC40E8}"
EndProject
Project("{FAE04EC0-301F-11D3-BF4B-00C04F79EFBC}") = "ISE.DailyControls", "src\ISE.DailyControls\ISE.DailyControls.csproj", "{D9AB087D-517C-420A-8D61-079984413352}"
EndProject
Project("{FAE04EC0-301F-11D3-BF4B-00C04F79EFBC}") = "ISE.DailyControls.Tests", "tests\ISE.DailyControls.Tests\ISE.DailyControls.Tests.csproj", "{83130B7A-357A-42D2-83E5-4F17D4593C04}"
EndProject
Project("{FAE04EC0-301F-11D3-BF4B-00C04F79EFBC}") = "ISE.OpportunityScoring", "src\ISE.OpportunityScoring\ISE.OpportunityScoring.csproj", "{15CB7F90-8C12-4B91-907D-00C17F81BB0E}"
EndProject
Project("{FAE04EC0-301F-11D3-BF4B-00C04F79EFBC}") = "ISE.OpportunityScoring.Tests", "tests\ISE.OpportunityScoring.Tests\ISE.OpportunityScoring.Tests.csproj", "{B6EF2543-D960-4BEE-8E4F-5E20FCB5C9C0}"
EndProject
Project("{FAE04EC0-301F-11D3-BF4B-00C04F79EFBC}") = "ISE.DecisionOrchestration", "src\ISE.DecisionOrchestration\ISE.DecisionOrchestration.csproj", "{A415D4E5-447F-41F7-92F8-5874186F63F0}"
EndProject
Project("{FAE04EC0-301F-11D3-BF4B-00C04F79EFBC}") = "ISE.DecisionOrchestration.Tests", "tests\ISE.DecisionOrchestration.Tests\ISE.DecisionOrchestration.Tests.csproj", "{ECF1A095-7D9D-490A-B15B-71455CD703FB}"
EndProject
Project("{FAE04EC0-301F-11D3-BF4B-00C04F79EFBC}") = "ISE.EndToEnd.Tests", "tests\ISE.EndToEnd.Tests\ISE.EndToEnd.Tests.csproj", "{3080CEBF-B8B5-4BBB-99EE-F526E3771B68}"
EndProject
Project("{FAE04EC0-301F-11D3-BF4B-00C04F79EFBC}") = "ISE.NinjaTraderAdapter", "src\ISE.NinjaTraderAdapter\ISE.NinjaTraderAdapter.csproj", "{4DB7DB2F-FDC2-49B0-9D48-6D769C16B2E0}"
EndProject
Project("{FAE04EC0-301F-11D3-BF4B-00C04F79EFBC}") = "ISE.NinjaTraderAdapter.Tests", "tests\ISE.NinjaTraderAdapter.Tests\ISE.NinjaTraderAdapter.Tests.csproj", "{C182537E-1000-4A39-ACC7-B97F32C080BA}"
EndProject
Project("{FAE04EC0-301F-11D3-BF4B-00C04F79EFBC}") = "ISE.TradingBrain", "src\ISE.TradingBrain\ISE.TradingBrain.csproj", "{894C4D4A-4C2A-42D4-878F-6B4C100D41EE}"
EndProject
Project("{FAE04EC0-301F-11D3-BF4B-00C04F79EFBC}") = "ISE.TradingBrain.Tests", "tests\ISE.TradingBrain.Tests\ISE.TradingBrain.Tests.csproj", "{F7053B37-5591-455F-B3A2-0CE2DC99CCFE}"
EndProject
Project("{FAE04EC0-301F-11D3-BF4B-00C04F79EFBC}") = "ISE.MarketState", "src\ISE.MarketState\ISE.MarketState.csproj", "{912623A3-3189-47A7-A772-E64A0EE7F5F3}"
EndProject
Project("{FAE04EC0-301F-11D3-BF4B-00C04F79EFBC}") = "ISE.MarketState.Tests", "tests\ISE.MarketState.Tests\ISE.MarketState.Tests.csproj", "{3B95FEB9-1C92-4C69-BC56-1666122FD748}"
EndProject
Project("{FAE04EC0-301F-11D3-BF4B-00C04F79EFBC}") = "ISE.Playbooks", "src\ISE.Playbooks\ISE.Playbooks.csproj", "{5843CFBB-7C00-40DD-B32B-06B599F603CB}"
EndProject
Project("{FAE04EC0-301F-11D3-BF4B-00C04F79EFBC}") = "ISE.Playbooks.Tests", "tests\ISE.Playbooks.Tests\ISE.Playbooks.Tests.csproj", "{F065FEBE-DDF1-40AD-897F-39CE1CBCE8B2}"
EndProject
Project("{FAE04EC0-301F-11D3-BF4B-00C04F79EFBC}") = "ISE.Confidence", "src\ISE.Confidence\ISE.Confidence.csproj", "{3390F0F2-8811-4181-96FC-E78BA0A5C06C}"
EndProject
Project("{FAE04EC0-301F-11D3-BF4B-00C04F79EFBC}") = "ISE.Confidence.Tests", "tests\ISE.Confidence.Tests\ISE.Confidence.Tests.csproj", "{F3D6156C-57AB-4203-922D-B4460DE3A91D}"
EndProject
Project("{FAE04EC0-301F-11D3-BF4B-00C04F79EFBC}") = "ISE.StrategyIntelligence", "src\ISE.StrategyIntelligence\ISE.StrategyIntelligence.csproj", "{AF07EAE1-2661-468F-9E5D-93F179E1C45E}"
EndProject
Project("{FAE04EC0-301F-11D3-BF4B-00C04F79EFBC}") = "ISE.StrategyIntelligence.Tests", "tests\ISE.StrategyIntelligence.Tests\ISE.StrategyIntelligence.Tests.csproj", "{59F15A84-6893-430F-A6C9-8D01F48A97D0}"
EndProject
Project("{FAE04EC0-301F-11D3-BF4B-00C04F79EFBC}") = "ISE.ExecutionIntelligence", "src\ISE.ExecutionIntelligence\ISE.ExecutionIntelligence.csproj", "{63BF9652-2351-484E-8473-829AF90CB15F}"
EndProject
Project("{FAE04EC0-301F-11D3-BF4B-00C04F79EFBC}") = "ISE.ExecutionIntelligence.Tests", "tests\ISE.ExecutionIntelligence.Tests\ISE.ExecutionIntelligence.Tests.csproj", "{9ED28FCB-AFEA-4776-8435-48DCC418F954}"
EndProject
Project("{FAE04EC0-301F-11D3-BF4B-00C04F79EFBC}") = "ISE.TradeLifecycle", "src\ISE.TradeLifecycle\ISE.TradeLifecycle.csproj", "{2ED7258F-F905-40C3-8719-B425BBEC8CEB}"
EndProject
Project("{FAE04EC0-301F-11D3-BF4B-00C04F79EFBC}") = "ISE.TradeLifecycle.Tests", "tests\ISE.TradeLifecycle.Tests\ISE.TradeLifecycle.Tests.csproj", "{56451DD7-17FF-4F48-BA9A-3333DB9CA5CE}"
EndProject
Project("{FAE04EC0-301F-11D3-BF4B-00C04F79EFBC}") = "ISE.MarketIntelligence", "src\ISE.MarketIntelligence\ISE.MarketIntelligence.csproj", "{0855232A-8316-4289-B901-15D2D9F7B656}"
EndProject
Project("{FAE04EC0-301F-11D3-BF4B-00C04F79EFBC}") = "ISE.MarketIntelligence.Tests", "tests\ISE.MarketIntelligence.Tests\ISE.MarketIntelligence.Tests.csproj", "{C59A1FBF-0E7A-400B-BE2C-D4E62AA963F2}"
EndProject
Project("{FAE04EC0-301F-11D3-BF4B-00C04F79EFBC}") = "ISE.Context", "src\ISE.Context\ISE.Context.csproj", "{9F41502E-6E43-4975-BDF1-0816FC2907CB}"
EndProject
Project("{FAE04EC0-301F-11D3-BF4B-00C04F79EFBC}") = "ISE.Context.Tests", "tests\ISE.Context.Tests\ISE.Context.Tests.csproj", "{860EFFFC-BA7C-4B3F-B10D-8857C299741F}"
EndProject
Project("{FAE04EC0-301F-11D3-BF4B-00C04F79EFBC}") = "ISE.InstitutionalNarrative", "src\ISE.InstitutionalNarrative\ISE.InstitutionalNarrative.csproj", "{3F34E94B-BBBE-46A2-BA09-9D712A875CA2}"
EndProject
Project("{FAE04EC0-301F-11D3-BF4B-00C04F79EFBC}") = "ISE.InstitutionalNarrative.Tests", "tests\ISE.InstitutionalNarrative.Tests\ISE.InstitutionalNarrative.Tests.csproj", "{E26F4189-A215-478A-B11D-B8779C0833C1}"
EndProject
Project("{FAE04EC0-301F-11D3-BF4B-00C04F79EFBC}") = "ISE.MarketMemory", "src\ISE.MarketMemory\ISE.MarketMemory.csproj", "{42F23311-1BAC-4541-8678-CB2EAC053152}"
EndProject
Project("{FAE04EC0-301F-11D3-BF4B-00C04F79EFBC}") = "ISE.MarketMemory.Tests", "tests\ISE.MarketMemory.Tests\ISE.MarketMemory.Tests.csproj", "{1D341F83-8018-418E-BAFE-9DAAD6DABF27}"
EndProject
Project("{FAE04EC0-301F-11D3-BF4B-00C04F79EFBC}") = "ISE.MultiTimeframeIntelligence", "src\ISE.MultiTimeframeIntelligence\ISE.MultiTimeframeIntelligence.csproj", "{078DA83F-D7D6-46B5-B78A-3429A6973C7C}"
EndProject
Project("{FAE04EC0-301F-11D3-BF4B-00C04F79EFBC}") = "ISE.MultiTimeframeIntelligence.Tests", "tests\ISE.MultiTimeframeIntelligence.Tests\ISE.MultiTimeframeIntelligence.Tests.csproj", "{7CD0CD48-A80B-4DF5-8F61-CA00625472AC}"
EndProject
Project("{FAE04EC0-301F-11D3-BF4B-00C04F79EFBC}") = "ISE.ExecutionQuality", "src\ISE.ExecutionQuality\ISE.ExecutionQuality.csproj", "{CD87E0AD-DEEC-40E5-9154-8656E303B66D}"
EndProject
Project("{FAE04EC0-301F-11D3-BF4B-00C04F79EFBC}") = "ISE.ExecutionQuality.Tests", "tests\ISE.ExecutionQuality.Tests\ISE.ExecutionQuality.Tests.csproj", "{9BCCE723-AF6D-407A-8572-B021C440E004}"
EndProject
Project("{FAE04EC0-301F-11D3-BF4B-00C04F79EFBC}") = "ISE.DecisionConfidenceMatrix", "src\ISE.DecisionConfidenceMatrix\ISE.DecisionConfidenceMatrix.csproj", "{28D13F83-EEC9-4E0B-9AA2-BF83421D514D}"
EndProject
Project("{FAE04EC0-301F-11D3-BF4B-00C04F79EFBC}") = "ISE.DecisionConfidenceMatrix.Tests", "tests\ISE.DecisionConfidenceMatrix.Tests\ISE.DecisionConfidenceMatrix.Tests.csproj", "{CD7DD6AC-0F6B-4D84-9C51-055435336E29}"
EndProject
Global
	GlobalSection(SolutionConfigurationPlatforms) = preSolution
		Debug|Any CPU = Debug|Any CPU
		Debug|x64 = Debug|x64
		Debug|x86 = Debug|x86
		Release|Any CPU = Release|Any CPU
		Release|x64 = Release|x64
		Release|x86 = Release|x86
	EndGlobalSection
	GlobalSection(ProjectConfigurationPlatforms) = postSolution
		{4F24DB49-4D39-4F10-A369-3992F2C6EC64}.Debug|Any CPU.ActiveCfg = Debug|Any CPU
		{4F24DB49-4D39-4F10-A369-3992F2C6EC64}.Debug|Any CPU.Build.0 = Debug|Any CPU
		{4F24DB49-4D39-4F10-A369-3992F2C6EC64}.Debug|x64.ActiveCfg = Debug|Any CPU
		{4F24DB49-4D39-4F10-A369-3992F2C6EC64}.Debug|x64.Build.0 = Debug|Any CPU
		{4F24DB49-4D39-4F10-A369-3992F2C6EC64}.Debug|x86.ActiveCfg = Debug|Any CPU
		{4F24DB49-4D39-4F10-A369-3992F2C6EC64}.Debug|x86.Build.0 = Debug|Any CPU
		{4F24DB49-4D39-4F10-A369-3992F2C6EC64}.Release|Any CPU.ActiveCfg = Release|Any CPU
		{4F24DB49-4D39-4F10-A369-3992F2C6EC64}.Release|Any CPU.Build.0 = Release|Any CPU
		{4F24DB49-4D39-4F10-A369-3992F2C6EC64}.Release|x64.ActiveCfg = Release|Any CPU
		{4F24DB49-4D39-4F10-A369-3992F2C6EC64}.Release|x64.Build.0 = Release|Any CPU
		{4F24DB49-4D39-4F10-A369-3992F2C6EC64}.Release|x86.ActiveCfg = Release|Any CPU
		{4F24DB49-4D39-4F10-A369-3992F2C6EC64}.Release|x86.Build.0 = Release|Any CPU
		{6EE4BA45-3B44-4DB2-A723-E1AA274C32B2}.Debug|Any CPU.ActiveCfg = Debug|Any CPU
		{6EE4BA45-3B44-4DB2-A723-E1AA274C32B2}.Debug|Any CPU.Build.0 = Debug|Any CPU
		{6EE4BA45-3B44-4DB2-A723-E1AA274C32B2}.Debug|x64.ActiveCfg = Debug|Any CPU
		{6EE4BA45-3B44-4DB2-A723-E1AA274C32B2}.Debug|x64.Build.0 = Debug|Any CPU
		{6EE4BA45-3B44-4DB2-A723-E1AA274C32B2}.Debug|x86.ActiveCfg = Debug|Any CPU
		{6EE4BA45-3B44-4DB2-A723-E1AA274C32B2}.Debug|x86.Build.0 = Debug|Any CPU
		{6EE4BA45-3B44-4DB2-A723-E1AA274C32B2}.Release|Any CPU.ActiveCfg = Release|Any CPU
		{6EE4BA45-3B44-4DB2-A723-E1AA274C32B2}.Release|Any CPU.Build.0 = Release|Any CPU
		{6EE4BA45-3B44-4DB2-A723-E1AA274C32B2}.Release|x64.ActiveCfg = Release|Any CPU
		{6EE4BA45-3B44-4DB2-A723-E1AA274C32B2}.Release|x64.Build.0 = Release|Any CPU
		{6EE4BA45-3B44-4DB2-A723-E1AA274C32B2}.Release|x86.ActiveCfg = Release|Any CPU
		{6EE4BA45-3B44-4DB2-A723-E1AA274C32B2}.Release|x86.Build.0 = Release|Any CPU
		{A0B996E8-23B5-4AB8-9C12-7D88FA6B48AA}.Debug|Any CPU.ActiveCfg = Debug|Any CPU
		{A0B996E8-23B5-4AB8-9C12-7D88FA6B48AA}.Debug|Any CPU.Build.0 = Debug|Any CPU
		{A0B996E8-23B5-4AB8-9C12-7D88FA6B48AA}.Debug|x64.ActiveCfg = Debug|Any CPU
		{A0B996E8-23B5-4AB8-9C12-7D88FA6B48AA}.Debug|x64.Build.0 = Debug|Any CPU
		{A0B996E8-23B5-4AB8-9C12-7D88FA6B48AA}.Debug|x86.ActiveCfg = Debug|Any CPU
		{A0B996E8-23B5-4AB8-9C12-7D88FA6B48AA}.Debug|x86.Build.0 = Debug|Any CPU
		{A0B996E8-23B5-4AB8-9C12-7D88FA6B48AA}.Release|Any CPU.ActiveCfg = Release|Any CPU
		{A0B996E8-23B5-4AB8-9C12-7D88FA6B48AA}.Release|Any CPU.Build.0 = Release|Any CPU
		{A0B996E8-23B5-4AB8-9C12-7D88FA6B48AA}.Release|x64.ActiveCfg = Release|Any CPU
		{A0B996E8-23B5-4AB8-9C12-7D88FA6B48AA}.Release|x64.Build.0 = Release|Any CPU
		{A0B996E8-23B5-4AB8-9C12-7D88FA6B48AA}.Release|x86.ActiveCfg = Release|Any CPU
		{A0B996E8-23B5-4AB8-9C12-7D88FA6B48AA}.Release|x86.Build.0 = Release|Any CPU
		{E186A75C-241D-4890-A97D-EDC8E2017971}.Debug|Any CPU.ActiveCfg = Debug|Any CPU
		{E186A75C-241D-4890-A97D-EDC8E2017971}.Debug|Any CPU.Build.0 = Debug|Any CPU
		{E186A75C-241D-4890-A97D-EDC8E2017971}.Debug|x64.ActiveCfg = Debug|Any CPU
		{E186A75C-241D-4890-A97D-EDC8E2017971}.Debug|x64.Build.0 = Debug|Any CPU
		{E186A75C-241D-4890-A97D-EDC8E2017971}.Debug|x86.ActiveCfg = Debug|Any CPU
		{E186A75C-241D-4890-A97D-EDC8E2017971}.Debug|x86.Build.0 = Debug|Any CPU
		{E186A75C-241D-4890-A97D-EDC8E2017971}.Release|Any CPU.ActiveCfg = Release|Any CPU
		{E186A75C-241D-4890-A97D-EDC8E2017971}.Release|Any CPU.Build.0 = Release|Any CPU
		{E186A75C-241D-4890-A97D-EDC8E2017971}.Release|x64.ActiveCfg = Release|Any CPU
		{E186A75C-241D-4890-A97D-EDC8E2017971}.Release|x64.Build.0 = Release|Any CPU
		{E186A75C-241D-4890-A97D-EDC8E2017971}.Release|x86.ActiveCfg = Release|Any CPU
		{E186A75C-241D-4890-A97D-EDC8E2017971}.Release|x86.Build.0 = Release|Any CPU
		{C1080B37-D8D3-4534-AAC4-4F0634C25BE8}.Debug|Any CPU.ActiveCfg = Debug|Any CPU
		{C1080B37-D8D3-4534-AAC4-4F0634C25BE8}.Debug|Any CPU.Build.0 = Debug|Any CPU
		{C1080B37-D8D3-4534-AAC4-4F0634C25BE8}.Debug|x64.ActiveCfg = Debug|Any CPU
		{C1080B37-D8D3-4534-AAC4-4F0634C25BE8}.Debug|x64.Build.0 = Debug|Any CPU
		{C1080B37-D8D3-4534-AAC4-4F0634C25BE8}.Debug|x86.ActiveCfg = Debug|Any CPU
		{C1080B37-D8D3-4534-AAC4-4F0634C25BE8}.Debug|x86.Build.0 = Debug|Any CPU
		{C1080B37-D8D3-4534-AAC4-4F0634C25BE8}.Release|Any CPU.ActiveCfg = Release|Any CPU
		{C1080B37-D8D3-4534-AAC4-4F0634C25BE8}.Release|Any CPU.Build.0 = Release|Any CPU
		{C1080B37-D8D3-4534-AAC4-4F0634C25BE8}.Release|x64.ActiveCfg = Release|Any CPU
		{C1080B37-D8D3-4534-AAC4-4F0634C25BE8}.Release|x64.Build.0 = Release|Any CPU
		{C1080B37-D8D3-4534-AAC4-4F0634C25BE8}.Release|x86.ActiveCfg = Release|Any CPU
		{C1080B37-D8D3-4534-AAC4-4F0634C25BE8}.Release|x86.Build.0 = Release|Any CPU
		{30A6D185-BB06-4433-B923-CB26C9114893}.Debug|Any CPU.ActiveCfg = Debug|Any CPU
		{30A6D185-BB06-4433-B923-CB26C9114893}.Debug|Any CPU.Build.0 = Debug|Any CPU
		{30A6D185-BB06-4433-B923-CB26C9114893}.Debug|x64.ActiveCfg = Debug|Any CPU
		{30A6D185-BB06-4433-B923-CB26C9114893}.Debug|x64.Build.0 = Debug|Any CPU
		{30A6D185-BB06-4433-B923-CB26C9114893}.Debug|x86.ActiveCfg = Debug|Any CPU
		{30A6D185-BB06-4433-B923-CB26C9114893}.Debug|x86.Build.0 = Debug|Any CPU
		{30A6D185-BB06-4433-B923-CB26C9114893}.Release|Any CPU.ActiveCfg = Release|Any CPU
		{30A6D185-BB06-4433-B923-CB26C9114893}.Release|Any CPU.Build.0 = Release|Any CPU
		{30A6D185-BB06-4433-B923-CB26C9114893}.Release|x64.ActiveCfg = Release|Any CPU
		{30A6D185-BB06-4433-B923-CB26C9114893}.Release|x64.Build.0 = Release|Any CPU
		{30A6D185-BB06-4433-B923-CB26C9114893}.Release|x86.ActiveCfg = Release|Any CPU
		{30A6D185-BB06-4433-B923-CB26C9114893}.Release|x86.Build.0 = Release|Any CPU
		{D02F3224-BF19-4C6C-A491-26E9CE361351}.Debug|Any CPU.ActiveCfg = Debug|Any CPU
		{D02F3224-BF19-4C6C-A491-26E9CE361351}.Debug|Any CPU.Build.0 = Debug|Any CPU
		{D02F3224-BF19-4C6C-A491-26E9CE361351}.Debug|x64.ActiveCfg = Debug|Any CPU
		{D02F3224-BF19-4C6C-A491-26E9CE361351}.Debug|x64.Build.0 = Debug|Any CPU
		{D02F3224-BF19-4C6C-A491-26E9CE361351}.Debug|x86.ActiveCfg = Debug|Any CPU
		{D02F3224-BF19-4C6C-A491-26E9CE361351}.Debug|x86.Build.0 = Debug|Any CPU
		{D02F3224-BF19-4C6C-A491-26E9CE361351}.Release|Any CPU.ActiveCfg = Release|Any CPU
		{D02F3224-BF19-4C6C-A491-26E9CE361351}.Release|Any CPU.Build.0 = Release|Any CPU
		{D02F3224-BF19-4C6C-A491-26E9CE361351}.Release|x64.ActiveCfg = Release|Any CPU
		{D02F3224-BF19-4C6C-A491-26E9CE361351}.Release|x64.Build.0 = Release|Any CPU
		{D02F3224-BF19-4C6C-A491-26E9CE361351}.Release|x86.ActiveCfg = Release|Any CPU
		{D02F3224-BF19-4C6C-A491-26E9CE361351}.Release|x86.Build.0 = Release|Any CPU
		{6DD93605-6EA2-4AA4-A095-6DE0414B16CB}.Debug|Any CPU.ActiveCfg = Debug|Any CPU
		{6DD93605-6EA2-4AA4-A095-6DE0414B16CB}.Debug|Any CPU.Build.0 = Debug|Any CPU
		{6DD93605-6EA2-4AA4-A095-6DE0414B16CB}.Debug|x64.ActiveCfg = Debug|Any CPU
		{6DD93605-6EA2-4AA4-A095-6DE0414B16CB}.Debug|x64.Build.0 = Debug|Any CPU
		{6DD93605-6EA2-4AA4-A095-6DE0414B16CB}.Debug|x86.ActiveCfg = Debug|Any CPU
		{6DD93605-6EA2-4AA4-A095-6DE0414B16CB}.Debug|x86.Build.0 = Debug|Any CPU
		{6DD93605-6EA2-4AA4-A095-6DE0414B16CB}.Release|Any CPU.ActiveCfg = Release|Any CPU
		{6DD93605-6EA2-4AA4-A095-6DE0414B16CB}.Release|Any CPU.Build.0 = Release|Any CPU
		{6DD93605-6EA2-4AA4-A095-6DE0414B16CB}.Release|x64.ActiveCfg = Release|Any CPU
		{6DD93605-6EA2-4AA4-A095-6DE0414B16CB}.Release|x64.Build.0 = Release|Any CPU
		{6DD93605-6EA2-4AA4-A095-6DE0414B16CB}.Release|x86.ActiveCfg = Release|Any CPU
		{6DD93605-6EA2-4AA4-A095-6DE0414B16CB}.Release|x86.Build.0 = Release|Any CPU
		{F62E57D0-6D92-45AA-A266-41E0909A1984}.Debug|Any CPU.ActiveCfg = Debug|Any CPU
		{F62E57D0-6D92-45AA-A266-41E0909A1984}.Debug|Any CPU.Build.0 = Debug|Any CPU
		{F62E57D0-6D92-45AA-A266-41E0909A1984}.Debug|x64.ActiveCfg = Debug|Any CPU
		{F62E57D0-6D92-45AA-A266-41E0909A1984}.Debug|x64.Build.0 = Debug|Any CPU
		{F62E57D0-6D92-45AA-A266-41E0909A1984}.Debug|x86.ActiveCfg = Debug|Any CPU
		{F62E57D0-6D92-45AA-A266-41E0909A1984}.Debug|x86.Build.0 = Debug|Any CPU
		{F62E57D0-6D92-45AA-A266-41E0909A1984}.Release|Any CPU.ActiveCfg = Release|Any CPU
		{F62E57D0-6D92-45AA-A266-41E0909A1984}.Release|Any CPU.Build.0 = Release|Any CPU
		{F62E57D0-6D92-45AA-A266-41E0909A1984}.Release|x64.ActiveCfg = Release|Any CPU
		{F62E57D0-6D92-45AA-A266-41E0909A1984}.Release|x64.Build.0 = Release|Any CPU
		{F62E57D0-6D92-45AA-A266-41E0909A1984}.Release|x86.ActiveCfg = Release|Any CPU
		{F62E57D0-6D92-45AA-A266-41E0909A1984}.Release|x86.Build.0 = Release|Any CPU
		{90A8D840-CC39-4DD8-A759-E3C8917FD072}.Debug|Any CPU.ActiveCfg = Debug|Any CPU
		{90A8D840-CC39-4DD8-A759-E3C8917FD072}.Debug|Any CPU.Build.0 = Debug|Any CPU
		{90A8D840-CC39-4DD8-A759-E3C8917FD072}.Debug|x64.ActiveCfg = Debug|Any CPU
		{90A8D840-CC39-4DD8-A759-E3C8917FD072}.Debug|x64.Build.0 = Debug|Any CPU
		{90A8D840-CC39-4DD8-A759-E3C8917FD072}.Debug|x86.ActiveCfg = Debug|Any CPU
		{90A8D840-CC39-4DD8-A759-E3C8917FD072}.Debug|x86.Build.0 = Debug|Any CPU
		{90A8D840-CC39-4DD8-A759-E3C8917FD072}.Release|Any CPU.ActiveCfg = Release|Any CPU
		{90A8D840-CC39-4DD8-A759-E3C8917FD072}.Release|Any CPU.Build.0 = Release|Any CPU
		{90A8D840-CC39-4DD8-A759-E3C8917FD072}.Release|x64.ActiveCfg = Release|Any CPU
		{90A8D840-CC39-4DD8-A759-E3C8917FD072}.Release|x64.Build.0 = Release|Any CPU
		{90A8D840-CC39-4DD8-A759-E3C8917FD072}.Release|x86.ActiveCfg = Release|Any CPU
		{90A8D840-CC39-4DD8-A759-E3C8917FD072}.Release|x86.Build.0 = Release|Any CPU
		{B61B4A9B-2D7A-49CD-9B49-A5441774F868}.Debug|Any CPU.ActiveCfg = Debug|Any CPU
		{B61B4A9B-2D7A-49CD-9B49-A5441774F868}.Debug|Any CPU.Build.0 = Debug|Any CPU
		{B61B4A9B-2D7A-49CD-9B49-A5441774F868}.Debug|x64.ActiveCfg = Debug|Any CPU
		{B61B4A9B-2D7A-49CD-9B49-A5441774F868}.Debug|x64.Build.0 = Debug|Any CPU
		{B61B4A9B-2D7A-49CD-9B49-A5441774F868}.Debug|x86.ActiveCfg = Debug|Any CPU
		{B61B4A9B-2D7A-49CD-9B49-A5441774F868}.Debug|x86.Build.0 = Debug|Any CPU
		{B61B4A9B-2D7A-49CD-9B49-A5441774F868}.Release|Any CPU.ActiveCfg = Release|Any CPU
		{B61B4A9B-2D7A-49CD-9B49-A5441774F868}.Release|Any CPU.Build.0 = Release|Any CPU
		{B61B4A9B-2D7A-49CD-9B49-A5441774F868}.Release|x64.ActiveCfg = Release|Any CPU
		{B61B4A9B-2D7A-49CD-9B49-A5441774F868}.Release|x64.Build.0 = Release|Any CPU
		{B61B4A9B-2D7A-49CD-9B49-A5441774F868}.Release|x86.ActiveCfg = Release|Any CPU
		{B61B4A9B-2D7A-49CD-9B49-A5441774F868}.Release|x86.Build.0 = Release|Any CPU
		{D3C50B3A-77D7-4A3C-937E-3850F4D91E35}.Debug|Any CPU.ActiveCfg = Debug|Any CPU
		{D3C50B3A-77D7-4A3C-937E-3850F4D91E35}.Debug|Any CPU.Build.0 = Debug|Any CPU
		{D3C50B3A-77D7-4A3C-937E-3850F4D91E35}.Debug|x64.ActiveCfg = Debug|Any CPU
		{D3C50B3A-77D7-4A3C-937E-3850F4D91E35}.Debug|x64.Build.0 = Debug|Any CPU
		{D3C50B3A-77D7-4A3C-937E-3850F4D91E35}.Debug|x86.ActiveCfg = Debug|Any CPU
		{D3C50B3A-77D7-4A3C-937E-3850F4D91E35}.Debug|x86.Build.0 = Debug|Any CPU
		{D3C50B3A-77D7-4A3C-937E-3850F4D91E35}.Release|Any CPU.ActiveCfg = Release|Any CPU
		{D3C50B3A-77D7-4A3C-937E-3850F4D91E35}.Release|Any CPU.Build.0 = Release|Any CPU
		{D3C50B3A-77D7-4A3C-937E-3850F4D91E35}.Release|x64.ActiveCfg = Release|Any CPU
		{D3C50B3A-77D7-4A3C-937E-3850F4D91E35}.Release|x64.Build.0 = Release|Any CPU
		{D3C50B3A-77D7-4A3C-937E-3850F4D91E35}.Release|x86.ActiveCfg = Release|Any CPU
		{D3C50B3A-77D7-4A3C-937E-3850F4D91E35}.Release|x86.Build.0 = Release|Any CPU
		{E7A5C842-A854-41B8-A5CB-3B70B0A52AC2}.Debug|Any CPU.ActiveCfg = Debug|Any CPU
		{E7A5C842-A854-41B8-A5CB-3B70B0A52AC2}.Debug|Any CPU.Build.0 = Debug|Any CPU
		{E7A5C842-A854-41B8-A5CB-3B70B0A52AC2}.Debug|x64.ActiveCfg = Debug|Any CPU
		{E7A5C842-A854-41B8-A5CB-3B70B0A52AC2}.Debug|x64.Build.0 = Debug|Any CPU
		{E7A5C842-A854-41B8-A5CB-3B70B0A52AC2}.Debug|x86.ActiveCfg = Debug|Any CPU
		{E7A5C842-A854-41B8-A5CB-3B70B0A52AC2}.Debug|x86.Build.0 = Debug|Any CPU
		{E7A5C842-A854-41B8-A5CB-3B70B0A52AC2}.Release|Any CPU.ActiveCfg = Release|Any CPU
		{E7A5C842-A854-41B8-A5CB-3B70B0A52AC2}.Release|Any CPU.Build.0 = Release|Any CPU
		{E7A5C842-A854-41B8-A5CB-3B70B0A52AC2}.Release|x64.ActiveCfg = Release|Any CPU
		{E7A5C842-A854-41B8-A5CB-3B70B0A52AC2}.Release|x64.Build.0 = Release|Any CPU
		{E7A5C842-A854-41B8-A5CB-3B70B0A52AC2}.Release|x86.ActiveCfg = Release|Any CPU
		{E7A5C842-A854-41B8-A5CB-3B70B0A52AC2}.Release|x86.Build.0 = Release|Any CPU
		{98D237E5-87FB-4D67-A563-BF6809F670EC}.Debug|Any CPU.ActiveCfg = Debug|Any CPU
		{98D237E5-87FB-4D67-A563-BF6809F670EC}.Debug|Any CPU.Build.0 = Debug|Any CPU
		{98D237E5-87FB-4D67-A563-BF6809F670EC}.Debug|x64.ActiveCfg = Debug|Any CPU
		{98D237E5-87FB-4D67-A563-BF6809F670EC}.Debug|x64.Build.0 = Debug|Any CPU
		{98D237E5-87FB-4D67-A563-BF6809F670EC}.Debug|x86.ActiveCfg = Debug|Any CPU
		{98D237E5-87FB-4D67-A563-BF6809F670EC}.Debug|x86.Build.0 = Debug|Any CPU
		{98D237E5-87FB-4D67-A563-BF6809F670EC}.Release|Any CPU.ActiveCfg = Release|Any CPU
		{98D237E5-87FB-4D67-A563-BF6809F670EC}.Release|Any CPU.Build.0 = Release|Any CPU
		{98D237E5-87FB-4D67-A563-BF6809F670EC}.Release|x64.ActiveCfg = Release|Any CPU
		{98D237E5-87FB-4D67-A563-BF6809F670EC}.Release|x64.Build.0 = Release|Any CPU
		{98D237E5-87FB-4D67-A563-BF6809F670EC}.Release|x86.ActiveCfg = Release|Any CPU
		{98D237E5-87FB-4D67-A563-BF6809F670EC}.Release|x86.Build.0 = Release|Any CPU
		{7D4C4D60-52FA-4A62-AF5F-7D27791B7D1B}.Debug|Any CPU.ActiveCfg = Debug|Any CPU
		{7D4C4D60-52FA-4A62-AF5F-7D27791B7D1B}.Debug|Any CPU.Build.0 = Debug|Any CPU
		{7D4C4D60-52FA-4A62-AF5F-7D27791B7D1B}.Debug|x64.ActiveCfg = Debug|Any CPU
		{7D4C4D60-52FA-4A62-AF5F-7D27791B7D1B}.Debug|x64.Build.0 = Debug|Any CPU
		{7D4C4D60-52FA-4A62-AF5F-7D27791B7D1B}.Debug|x86.ActiveCfg = Debug|Any CPU
		{7D4C4D60-52FA-4A62-AF5F-7D27791B7D1B}.Debug|x86.Build.0 = Debug|Any CPU
		{7D4C4D60-52FA-4A62-AF5F-7D27791B7D1B}.Release|Any CPU.ActiveCfg = Release|Any CPU
		{7D4C4D60-52FA-4A62-AF5F-7D27791B7D1B}.Release|Any CPU.Build.0 = Release|Any CPU
		{7D4C4D60-52FA-4A62-AF5F-7D27791B7D1B}.Release|x64.ActiveCfg = Release|Any CPU
		{7D4C4D60-52FA-4A62-AF5F-7D27791B7D1B}.Release|x64.Build.0 = Release|Any CPU
		{7D4C4D60-52FA-4A62-AF5F-7D27791B7D1B}.Release|x86.ActiveCfg = Release|Any CPU
		{7D4C4D60-52FA-4A62-AF5F-7D27791B7D1B}.Release|x86.Build.0 = Release|Any CPU
		{334F819F-1D31-4F4A-B208-8F9B1EF2385D}.Debug|Any CPU.ActiveCfg = Debug|Any CPU
		{334F819F-1D31-4F4A-B208-8F9B1EF2385D}.Debug|Any CPU.Build.0 = Debug|Any CPU
		{334F819F-1D31-4F4A-B208-8F9B1EF2385D}.Debug|x64.ActiveCfg = Debug|Any CPU
		{334F819F-1D31-4F4A-B208-8F9B1EF2385D}.Debug|x64.Build.0 = Debug|Any CPU
		{334F819F-1D31-4F4A-B208-8F9B1EF2385D}.Debug|x86.ActiveCfg = Debug|Any CPU
		{334F819F-1D31-4F4A-B208-8F9B1EF2385D}.Debug|x86.Build.0 = Debug|Any CPU
		{334F819F-1D31-4F4A-B208-8F9B1EF2385D}.Release|Any CPU.ActiveCfg = Release|Any CPU
		{334F819F-1D31-4F4A-B208-8F9B1EF2385D}.Release|Any CPU.Build.0 = Release|Any CPU
		{334F819F-1D31-4F4A-B208-8F9B1EF2385D}.Release|x64.ActiveCfg = Release|Any CPU
		{334F819F-1D31-4F4A-B208-8F9B1EF2385D}.Release|x64.Build.0 = Release|Any CPU
		{334F819F-1D31-4F4A-B208-8F9B1EF2385D}.Release|x86.ActiveCfg = Release|Any CPU
		{334F819F-1D31-4F4A-B208-8F9B1EF2385D}.Release|x86.Build.0 = Release|Any CPU
		{02B7CC57-F554-46D2-BF08-6884138F8B3D}.Debug|Any CPU.ActiveCfg = Debug|Any CPU
		{02B7CC57-F554-46D2-BF08-6884138F8B3D}.Debug|Any CPU.Build.0 = Debug|Any CPU
		{02B7CC57-F554-46D2-BF08-6884138F8B3D}.Debug|x64.ActiveCfg = Debug|Any CPU
		{02B7CC57-F554-46D2-BF08-6884138F8B3D}.Debug|x64.Build.0 = Debug|Any CPU
		{02B7CC57-F554-46D2-BF08-6884138F8B3D}.Debug|x86.ActiveCfg = Debug|Any CPU
		{02B7CC57-F554-46D2-BF08-6884138F8B3D}.Debug|x86.Build.0 = Debug|Any CPU
		{02B7CC57-F554-46D2-BF08-6884138F8B3D}.Release|Any CPU.ActiveCfg = Release|Any CPU
		{02B7CC57-F554-46D2-BF08-6884138F8B3D}.Release|Any CPU.Build.0 = Release|Any CPU
		{02B7CC57-F554-46D2-BF08-6884138F8B3D}.Release|x64.ActiveCfg = Release|Any CPU
		{02B7CC57-F554-46D2-BF08-6884138F8B3D}.Release|x64.Build.0 = Release|Any CPU
		{02B7CC57-F554-46D2-BF08-6884138F8B3D}.Release|x86.ActiveCfg = Release|Any CPU
		{02B7CC57-F554-46D2-BF08-6884138F8B3D}.Release|x86.Build.0 = Release|Any CPU
		{CFCBEC10-9C03-493A-9389-F8FE01945EEF}.Debug|Any CPU.ActiveCfg = Debug|Any CPU
		{CFCBEC10-9C03-493A-9389-F8FE01945EEF}.Debug|Any CPU.Build.0 = Debug|Any CPU
		{CFCBEC10-9C03-493A-9389-F8FE01945EEF}.Debug|x64.ActiveCfg = Debug|Any CPU
		{CFCBEC10-9C03-493A-9389-F8FE01945EEF}.Debug|x64.Build.0 = Debug|Any CPU
		{CFCBEC10-9C03-493A-9389-F8FE01945EEF}.Debug|x86.ActiveCfg = Debug|Any CPU
		{CFCBEC10-9C03-493A-9389-F8FE01945EEF}.Debug|x86.Build.0 = Debug|Any CPU
		{CFCBEC10-9C03-493A-9389-F8FE01945EEF}.Release|Any CPU.ActiveCfg = Release|Any CPU
		{CFCBEC10-9C03-493A-9389-F8FE01945EEF}.Release|Any CPU.Build.0 = Release|Any CPU
		{CFCBEC10-9C03-493A-9389-F8FE01945EEF}.Release|x64.ActiveCfg = Release|Any CPU
		{CFCBEC10-9C03-493A-9389-F8FE01945EEF}.Release|x64.Build.0 = Release|Any CPU
		{CFCBEC10-9C03-493A-9389-F8FE01945EEF}.Release|x86.ActiveCfg = Release|Any CPU
		{CFCBEC10-9C03-493A-9389-F8FE01945EEF}.Release|x86.Build.0 = Release|Any CPU
		{A2D0F1D1-2607-4E91-85D5-021410C978B2}.Debug|Any CPU.ActiveCfg = Debug|Any CPU
		{A2D0F1D1-2607-4E91-85D5-021410C978B2}.Debug|Any CPU.Build.0 = Debug|Any CPU
		{A2D0F1D1-2607-4E91-85D5-021410C978B2}.Debug|x64.ActiveCfg = Debug|Any CPU
		{A2D0F1D1-2607-4E91-85D5-021410C978B2}.Debug|x64.Build.0 = Debug|Any CPU
		{A2D0F1D1-2607-4E91-85D5-021410C978B2}.Debug|x86.ActiveCfg = Debug|Any CPU
		{A2D0F1D1-2607-4E91-85D5-021410C978B2}.Debug|x86.Build.0 = Debug|Any CPU
		{A2D0F1D1-2607-4E91-85D5-021410C978B2}.Release|Any CPU.ActiveCfg = Release|Any CPU
		{A2D0F1D1-2607-4E91-85D5-021410C978B2}.Release|Any CPU.Build.0 = Release|Any CPU
		{A2D0F1D1-2607-4E91-85D5-021410C978B2}.Release|x64.ActiveCfg = Release|Any CPU
		{A2D0F1D1-2607-4E91-85D5-021410C978B2}.Release|x64.Build.0 = Release|Any CPU
		{A2D0F1D1-2607-4E91-85D5-021410C978B2}.Release|x86.ActiveCfg = Release|Any CPU
		{A2D0F1D1-2607-4E91-85D5-021410C978B2}.Release|x86.Build.0 = Release|Any CPU
		{FE4A76F9-8DA1-4FAE-8CC9-7C57E38B9C04}.Debug|Any CPU.ActiveCfg = Debug|Any CPU
		{FE4A76F9-8DA1-4FAE-8CC9-7C57E38B9C04}.Debug|Any CPU.Build.0 = Debug|Any CPU
		{FE4A76F9-8DA1-4FAE-8CC9-7C57E38B9C04}.Debug|x64.ActiveCfg = Debug|Any CPU
		{FE4A76F9-8DA1-4FAE-8CC9-7C57E38B9C04}.Debug|x64.Build.0 = Debug|Any CPU
		{FE4A76F9-8DA1-4FAE-8CC9-7C57E38B9C04}.Debug|x86.ActiveCfg = Debug|Any CPU
		{FE4A76F9-8DA1-4FAE-8CC9-7C57E38B9C04}.Debug|x86.Build.0 = Debug|Any CPU
		{FE4A76F9-8DA1-4FAE-8CC9-7C57E38B9C04}.Release|Any CPU.ActiveCfg = Release|Any CPU
		{FE4A76F9-8DA1-4FAE-8CC9-7C57E38B9C04}.Release|Any CPU.Build.0 = Release|Any CPU
		{FE4A76F9-8DA1-4FAE-8CC9-7C57E38B9C04}.Release|x64.ActiveCfg = Release|Any CPU
		{FE4A76F9-8DA1-4FAE-8CC9-7C57E38B9C04}.Release|x64.Build.0 = Release|Any CPU
		{FE4A76F9-8DA1-4FAE-8CC9-7C57E38B9C04}.Release|x86.ActiveCfg = Release|Any CPU
		{FE4A76F9-8DA1-4FAE-8CC9-7C57E38B9C04}.Release|x86.Build.0 = Release|Any CPU
		{16D3D376-465B-42DA-9ACC-C560A77B66FF}.Debug|Any CPU.ActiveCfg = Debug|Any CPU
		{16D3D376-465B-42DA-9ACC-C560A77B66FF}.Debug|Any CPU.Build.0 = Debug|Any CPU
		{16D3D376-465B-42DA-9ACC-C560A77B66FF}.Debug|x64.ActiveCfg = Debug|Any CPU
		{16D3D376-465B-42DA-9ACC-C560A77B66FF}.Debug|x64.Build.0 = Debug|Any CPU
		{16D3D376-465B-42DA-9ACC-C560A77B66FF}.Debug|x86.ActiveCfg = Debug|Any CPU
		{16D3D376-465B-42DA-9ACC-C560A77B66FF}.Debug|x86.Build.0 = Debug|Any CPU
		{16D3D376-465B-42DA-9ACC-C560A77B66FF}.Release|Any CPU.ActiveCfg = Release|Any CPU
		{16D3D376-465B-42DA-9ACC-C560A77B66FF}.Release|Any CPU.Build.0 = Release|Any CPU
		{16D3D376-465B-42DA-9ACC-C560A77B66FF}.Release|x64.ActiveCfg = Release|Any CPU
		{16D3D376-465B-42DA-9ACC-C560A77B66FF}.Release|x64.Build.0 = Release|Any CPU
		{16D3D376-465B-42DA-9ACC-C560A77B66FF}.Release|x86.ActiveCfg = Release|Any CPU
		{16D3D376-465B-42DA-9ACC-C560A77B66FF}.Release|x86.Build.0 = Release|Any CPU
		{22255757-FA5E-476B-B571-202138D243EE}.Debug|Any CPU.ActiveCfg = Debug|Any CPU
		{22255757-FA5E-476B-B571-202138D243EE}.Debug|Any CPU.Build.0 = Debug|Any CPU
		{22255757-FA5E-476B-B571-202138D243EE}.Debug|x64.ActiveCfg = Debug|Any CPU
		{22255757-FA5E-476B-B571-202138D243EE}.Debug|x64.Build.0 = Debug|Any CPU
		{22255757-FA5E-476B-B571-202138D243EE}.Debug|x86.ActiveCfg = Debug|Any CPU
		{22255757-FA5E-476B-B571-202138D243EE}.Debug|x86.Build.0 = Debug|Any CPU
		{22255757-FA5E-476B-B571-202138D243EE}.Release|Any CPU.ActiveCfg = Release|Any CPU
		{22255757-FA5E-476B-B571-202138D243EE}.Release|Any CPU.Build.0 = Release|Any CPU
		{22255757-FA5E-476B-B571-202138D243EE}.Release|x64.ActiveCfg = Release|Any CPU
		{22255757-FA5E-476B-B571-202138D243EE}.Release|x64.Build.0 = Release|Any CPU
		{22255757-FA5E-476B-B571-202138D243EE}.Release|x86.ActiveCfg = Release|Any CPU
		{22255757-FA5E-476B-B571-202138D243EE}.Release|x86.Build.0 = Release|Any CPU
		{D1D6727D-B25C-4CE9-B111-32BC91D8FBDD}.Debug|Any CPU.ActiveCfg = Debug|Any CPU
		{D1D6727D-B25C-4CE9-B111-32BC91D8FBDD}.Debug|Any CPU.Build.0 = Debug|Any CPU
		{D1D6727D-B25C-4CE9-B111-32BC91D8FBDD}.Debug|x64.ActiveCfg = Debug|Any CPU
		{D1D6727D-B25C-4CE9-B111-32BC91D8FBDD}.Debug|x64.Build.0 = Debug|Any CPU
		{D1D6727D-B25C-4CE9-B111-32BC91D8FBDD}.Debug|x86.ActiveCfg = Debug|Any CPU
		{D1D6727D-B25C-4CE9-B111-32BC91D8FBDD}.Debug|x86.Build.0 = Debug|Any CPU
		{D1D6727D-B25C-4CE9-B111-32BC91D8FBDD}.Release|Any CPU.ActiveCfg = Release|Any CPU
		{D1D6727D-B25C-4CE9-B111-32BC91D8FBDD}.Release|Any CPU.Build.0 = Release|Any CPU
		{D1D6727D-B25C-4CE9-B111-32BC91D8FBDD}.Release|x64.ActiveCfg = Release|Any CPU
		{D1D6727D-B25C-4CE9-B111-32BC91D8FBDD}.Release|x64.Build.0 = Release|Any CPU
		{D1D6727D-B25C-4CE9-B111-32BC91D8FBDD}.Release|x86.ActiveCfg = Release|Any CPU
		{D1D6727D-B25C-4CE9-B111-32BC91D8FBDD}.Release|x86.Build.0 = Release|Any CPU
		{F068B587-2EF1-459C-9A0D-09931BAF14B5}.Debug|Any CPU.ActiveCfg = Debug|Any CPU
		{F068B587-2EF1-459C-9A0D-09931BAF14B5}.Debug|Any CPU.Build.0 = Debug|Any CPU
		{F068B587-2EF1-459C-9A0D-09931BAF14B5}.Debug|x64.ActiveCfg = Debug|Any CPU
		{F068B587-2EF1-459C-9A0D-09931BAF14B5}.Debug|x64.Build.0 = Debug|Any CPU
		{F068B587-2EF1-459C-9A0D-09931BAF14B5}.Debug|x86.ActiveCfg = Debug|Any CPU
		{F068B587-2EF1-459C-9A0D-09931BAF14B5}.Debug|x86.Build.0 = Debug|Any CPU
		{F068B587-2EF1-459C-9A0D-09931BAF14B5}.Release|Any CPU.ActiveCfg = Release|Any CPU
		{F068B587-2EF1-459C-9A0D-09931BAF14B5}.Release|Any CPU.Build.0 = Release|Any CPU
		{F068B587-2EF1-459C-9A0D-09931BAF14B5}.Release|x64.ActiveCfg = Release|Any CPU
		{F068B587-2EF1-459C-9A0D-09931BAF14B5}.Release|x64.Build.0 = Release|Any CPU
		{F068B587-2EF1-459C-9A0D-09931BAF14B5}.Release|x86.ActiveCfg = Release|Any CPU
		{F068B587-2EF1-459C-9A0D-09931BAF14B5}.Release|x86.Build.0 = Release|Any CPU
		{52F51AA6-5133-4CCA-87F5-9058B81D3D99}.Debug|Any CPU.ActiveCfg = Debug|Any CPU
		{52F51AA6-5133-4CCA-87F5-9058B81D3D99}.Debug|Any CPU.Build.0 = Debug|Any CPU
		{52F51AA6-5133-4CCA-87F5-9058B81D3D99}.Debug|x64.ActiveCfg = Debug|Any CPU
		{52F51AA6-5133-4CCA-87F5-9058B81D3D99}.Debug|x64.Build.0 = Debug|Any CPU
		{52F51AA6-5133-4CCA-87F5-9058B81D3D99}.Debug|x86.ActiveCfg = Debug|Any CPU
		{52F51AA6-5133-4CCA-87F5-9058B81D3D99}.Debug|x86.Build.0 = Debug|Any CPU
		{52F51AA6-5133-4CCA-87F5-9058B81D3D99}.Release|Any CPU.ActiveCfg = Release|Any CPU
		{52F51AA6-5133-4CCA-87F5-9058B81D3D99}.Release|Any CPU.Build.0 = Release|Any CPU
		{52F51AA6-5133-4CCA-87F5-9058B81D3D99}.Release|x64.ActiveCfg = Release|Any CPU
		{52F51AA6-5133-4CCA-87F5-9058B81D3D99}.Release|x64.Build.0 = Release|Any CPU
		{52F51AA6-5133-4CCA-87F5-9058B81D3D99}.Release|x86.ActiveCfg = Release|Any CPU
		{52F51AA6-5133-4CCA-87F5-9058B81D3D99}.Release|x86.Build.0 = Release|Any CPU
		{1E1B952B-0CA5-48EA-B128-88A1B2E8921B}.Debug|Any CPU.ActiveCfg = Debug|Any CPU
		{1E1B952B-0CA5-48EA-B128-88A1B2E8921B}.Debug|Any CPU.Build.0 = Debug|Any CPU
		{1E1B952B-0CA5-48EA-B128-88A1B2E8921B}.Debug|x64.ActiveCfg = Debug|Any CPU
		{1E1B952B-0CA5-48EA-B128-88A1B2E8921B}.Debug|x64.Build.0 = Debug|Any CPU
		{1E1B952B-0CA5-48EA-B128-88A1B2E8921B}.Debug|x86.ActiveCfg = Debug|Any CPU
		{1E1B952B-0CA5-48EA-B128-88A1B2E8921B}.Debug|x86.Build.0 = Debug|Any CPU
		{1E1B952B-0CA5-48EA-B128-88A1B2E8921B}.Release|Any CPU.ActiveCfg = Release|Any CPU
		{1E1B952B-0CA5-48EA-B128-88A1B2E8921B}.Release|Any CPU.Build.0 = Release|Any CPU
		{1E1B952B-0CA5-48EA-B128-88A1B2E8921B}.Release|x64.ActiveCfg = Release|Any CPU
		{1E1B952B-0CA5-48EA-B128-88A1B2E8921B}.Release|x64.Build.0 = Release|Any CPU
		{1E1B952B-0CA5-48EA-B128-88A1B2E8921B}.Release|x86.ActiveCfg = Release|Any CPU
		{1E1B952B-0CA5-48EA-B128-88A1B2E8921B}.Release|x86.Build.0 = Release|Any CPU
		{0897271D-4769-43B3-9032-898B718247D5}.Debug|Any CPU.ActiveCfg = Debug|Any CPU
		{0897271D-4769-43B3-9032-898B718247D5}.Debug|Any CPU.Build.0 = Debug|Any CPU
		{0897271D-4769-43B3-9032-898B718247D5}.Debug|x64.ActiveCfg = Debug|Any CPU
		{0897271D-4769-43B3-9032-898B718247D5}.Debug|x64.Build.0 = Debug|Any CPU
		{0897271D-4769-43B3-9032-898B718247D5}.Debug|x86.ActiveCfg = Debug|Any CPU
		{0897271D-4769-43B3-9032-898B718247D5}.Debug|x86.Build.0 = Debug|Any CPU
		{0897271D-4769-43B3-9032-898B718247D5}.Release|Any CPU.ActiveCfg = Release|Any CPU
		{0897271D-4769-43B3-9032-898B718247D5}.Release|Any CPU.Build.0 = Release|Any CPU
		{0897271D-4769-43B3-9032-898B718247D5}.Release|x64.ActiveCfg = Release|Any CPU
		{0897271D-4769-43B3-9032-898B718247D5}.Release|x64.Build.0 = Release|Any CPU
		{0897271D-4769-43B3-9032-898B718247D5}.Release|x86.ActiveCfg = Release|Any CPU
		{0897271D-4769-43B3-9032-898B718247D5}.Release|x86.Build.0 = Release|Any CPU
		{2AA2D9AA-68A4-421F-83B4-45598CEC40E8}.Debug|Any CPU.ActiveCfg = Debug|Any CPU
		{2AA2D9AA-68A4-421F-83B4-45598CEC40E8}.Debug|Any CPU.Build.0 = Debug|Any CPU
		{2AA2D9AA-68A4-421F-83B4-45598CEC40E8}.Debug|x64.ActiveCfg = Debug|Any CPU
		{2AA2D9AA-68A4-421F-83B4-45598CEC40E8}.Debug|x64.Build.0 = Debug|Any CPU
		{2AA2D9AA-68A4-421F-83B4-45598CEC40E8}.Debug|x86.ActiveCfg = Debug|Any CPU
		{2AA2D9AA-68A4-421F-83B4-45598CEC40E8}.Debug|x86.Build.0 = Debug|Any CPU
		{2AA2D9AA-68A4-421F-83B4-45598CEC40E8}.Release|Any CPU.ActiveCfg = Release|Any CPU
		{2AA2D9AA-68A4-421F-83B4-45598CEC40E8}.Release|Any CPU.Build.0 = Release|Any CPU
		{2AA2D9AA-68A4-421F-83B4-45598CEC40E8}.Release|x64.ActiveCfg = Release|Any CPU
		{2AA2D9AA-68A4-421F-83B4-45598CEC40E8}.Release|x64.Build.0 = Release|Any CPU
		{2AA2D9AA-68A4-421F-83B4-45598CEC40E8}.Release|x86.ActiveCfg = Release|Any CPU
		{2AA2D9AA-68A4-421F-83B4-45598CEC40E8}.Release|x86.Build.0 = Release|Any CPU
		{D9AB087D-517C-420A-8D61-079984413352}.Debug|Any CPU.ActiveCfg = Debug|Any CPU
		{D9AB087D-517C-420A-8D61-079984413352}.Debug|Any CPU.Build.0 = Debug|Any CPU
		{D9AB087D-517C-420A-8D61-079984413352}.Debug|x64.ActiveCfg = Debug|Any CPU
		{D9AB087D-517C-420A-8D61-079984413352}.Debug|x64.Build.0 = Debug|Any CPU
		{D9AB087D-517C-420A-8D61-079984413352}.Debug|x86.ActiveCfg = Debug|Any CPU
		{D9AB087D-517C-420A-8D61-079984413352}.Debug|x86.Build.0 = Debug|Any CPU
		{D9AB087D-517C-420A-8D61-079984413352}.Release|Any CPU.ActiveCfg = Release|Any CPU
		{D9AB087D-517C-420A-8D61-079984413352}.Release|Any CPU.Build.0 = Release|Any CPU
		{D9AB087D-517C-420A-8D61-079984413352}.Release|x64.ActiveCfg = Release|Any CPU
		{D9AB087D-517C-420A-8D61-079984413352}.Release|x64.Build.0 = Release|Any CPU
		{D9AB087D-517C-420A-8D61-079984413352}.Release|x86.ActiveCfg = Release|Any CPU
		{D9AB087D-517C-420A-8D61-079984413352}.Release|x86.Build.0 = Release|Any CPU
		{83130B7A-357A-42D2-83E5-4F17D4593C04}.Debug|Any CPU.ActiveCfg = Debug|Any CPU
		{83130B7A-357A-42D2-83E5-4F17D4593C04}.Debug|Any CPU.Build.0 = Debug|Any CPU
		{83130B7A-357A-42D2-83E5-4F17D4593C04}.Debug|x64.ActiveCfg = Debug|Any CPU
		{83130B7A-357A-42D2-83E5-4F17D4593C04}.Debug|x64.Build.0 = Debug|Any CPU
		{83130B7A-357A-42D2-83E5-4F17D4593C04}.Debug|x86.ActiveCfg = Debug|Any CPU
		{83130B7A-357A-42D2-83E5-4F17D4593C04}.Debug|x86.Build.0 = Debug|Any CPU
		{83130B7A-357A-42D2-83E5-4F17D4593C04}.Release|Any CPU.ActiveCfg = Release|Any CPU
		{83130B7A-357A-42D2-83E5-4F17D4593C04}.Release|Any CPU.Build.0 = Release|Any CPU
		{83130B7A-357A-42D2-83E5-4F17D4593C04}.Release|x64.ActiveCfg = Release|Any CPU
		{83130B7A-357A-42D2-83E5-4F17D4593C04}.Release|x64.Build.0 = Release|Any CPU
		{83130B7A-357A-42D2-83E5-4F17D4593C04}.Release|x86.ActiveCfg = Release|Any CPU
		{83130B7A-357A-42D2-83E5-4F17D4593C04}.Release|x86.Build.0 = Release|Any CPU
		{15CB7F90-8C12-4B91-907D-00C17F81BB0E}.Debug|Any CPU.ActiveCfg = Debug|Any CPU
		{15CB7F90-8C12-4B91-907D-00C17F81BB0E}.Debug|Any CPU.Build.0 = Debug|Any CPU
		{15CB7F90-8C12-4B91-907D-00C17F81BB0E}.Debug|x64.ActiveCfg = Debug|Any CPU
		{15CB7F90-8C12-4B91-907D-00C17F81BB0E}.Debug|x64.Build.0 = Debug|Any CPU
		{15CB7F90-8C12-4B91-907D-00C17F81BB0E}.Debug|x86.ActiveCfg = Debug|Any CPU
		{15CB7F90-8C12-4B91-907D-00C17F81BB0E}.Debug|x86.Build.0 = Debug|Any CPU
		{15CB7F90-8C12-4B91-907D-00C17F81BB0E}.Release|Any CPU.ActiveCfg = Release|Any CPU
		{15CB7F90-8C12-4B91-907D-00C17F81BB0E}.Release|Any CPU.Build.0 = Release|Any CPU
		{15CB7F90-8C12-4B91-907D-00C17F81BB0E}.Release|x64.ActiveCfg = Release|Any CPU
		{15CB7F90-8C12-4B91-907D-00C17F81BB0E}.Release|x64.Build.0 = Release|Any CPU
		{15CB7F90-8C12-4B91-907D-00C17F81BB0E}.Release|x86.ActiveCfg = Release|Any CPU
		{15CB7F90-8C12-4B91-907D-00C17F81BB0E}.Release|x86.Build.0 = Release|Any CPU
		{B6EF2543-D960-4BEE-8E4F-5E20FCB5C9C0}.Debug|Any CPU.ActiveCfg = Debug|Any CPU
		{B6EF2543-D960-4BEE-8E4F-5E20FCB5C9C0}.Debug|Any CPU.Build.0 = Debug|Any CPU
		{B6EF2543-D960-4BEE-8E4F-5E20FCB5C9C0}.Debug|x64.ActiveCfg = Debug|Any CPU
		{B6EF2543-D960-4BEE-8E4F-5E20FCB5C9C0}.Debug|x64.Build.0 = Debug|Any CPU
		{B6EF2543-D960-4BEE-8E4F-5E20FCB5C9C0}.Debug|x86.ActiveCfg = Debug|Any CPU
		{B6EF2543-D960-4BEE-8E4F-5E20FCB5C9C0}.Debug|x86.Build.0 = Debug|Any CPU
		{B6EF2543-D960-4BEE-8E4F-5E20FCB5C9C0}.Release|Any CPU.ActiveCfg = Release|Any CPU
		{B6EF2543-D960-4BEE-8E4F-5E20FCB5C9C0}.Release|Any CPU.Build.0 = Release|Any CPU
		{B6EF2543-D960-4BEE-8E4F-5E20FCB5C9C0}.Release|x64.ActiveCfg = Release|Any CPU
		{B6EF2543-D960-4BEE-8E4F-5E20FCB5C9C0}.Release|x64.Build.0 = Release|Any CPU
		{B6EF2543-D960-4BEE-8E4F-5E20FCB5C9C0}.Release|x86.ActiveCfg = Release|Any CPU
		{B6EF2543-D960-4BEE-8E4F-5E20FCB5C9C0}.Release|x86.Build.0 = Release|Any CPU
		{A415D4E5-447F-41F7-92F8-5874186F63F0}.Debug|Any CPU.ActiveCfg = Debug|Any CPU
		{A415D4E5-447F-41F7-92F8-5874186F63F0}.Debug|Any CPU.Build.0 = Debug|Any CPU
		{A415D4E5-447F-41F7-92F8-5874186F63F0}.Debug|x64.ActiveCfg = Debug|Any CPU
		{A415D4E5-447F-41F7-92F8-5874186F63F0}.Debug|x64.Build.0 = Debug|Any CPU
		{A415D4E5-447F-41F7-92F8-5874186F63F0}.Debug|x86.ActiveCfg = Debug|Any CPU
		{A415D4E5-447F-41F7-92F8-5874186F63F0}.Debug|x86.Build.0 = Debug|Any CPU
		{A415D4E5-447F-41F7-92F8-5874186F63F0}.Release|Any CPU.ActiveCfg = Release|Any CPU
		{A415D4E5-447F-41F7-92F8-5874186F63F0}.Release|Any CPU.Build.0 = Release|Any CPU
		{A415D4E5-447F-41F7-92F8-5874186F63F0}.Release|x64.ActiveCfg = Release|Any CPU
		{A415D4E5-447F-41F7-92F8-5874186F63F0}.Release|x64.Build.0 = Release|Any CPU
		{A415D4E5-447F-41F7-92F8-5874186F63F0}.Release|x86.ActiveCfg = Release|Any CPU
		{A415D4E5-447F-41F7-92F8-5874186F63F0}.Release|x86.Build.0 = Release|Any CPU
		{ECF1A095-7D9D-490A-B15B-71455CD703FB}.Debug|Any CPU.ActiveCfg = Debug|Any CPU
		{ECF1A095-7D9D-490A-B15B-71455CD703FB}.Debug|Any CPU.Build.0 = Debug|Any CPU
		{ECF1A095-7D9D-490A-B15B-71455CD703FB}.Debug|x64.ActiveCfg = Debug|Any CPU
		{ECF1A095-7D9D-490A-B15B-71455CD703FB}.Debug|x64.Build.0 = Debug|Any CPU
		{ECF1A095-7D9D-490A-B15B-71455CD703FB}.Debug|x86.ActiveCfg = Debug|Any CPU
		{ECF1A095-7D9D-490A-B15B-71455CD703FB}.Debug|x86.Build.0 = Debug|Any CPU
		{ECF1A095-7D9D-490A-B15B-71455CD703FB}.Release|Any CPU.ActiveCfg = Release|Any CPU
		{ECF1A095-7D9D-490A-B15B-71455CD703FB}.Release|Any CPU.Build.0 = Release|Any CPU
		{ECF1A095-7D9D-490A-B15B-71455CD703FB}.Release|x64.ActiveCfg = Release|Any CPU
		{ECF1A095-7D9D-490A-B15B-71455CD703FB}.Release|x64.Build.0 = Release|Any CPU
		{ECF1A095-7D9D-490A-B15B-71455CD703FB}.Release|x86.ActiveCfg = Release|Any CPU
		{ECF1A095-7D9D-490A-B15B-71455CD703FB}.Release|x86.Build.0 = Release|Any CPU
		{3080CEBF-B8B5-4BBB-99EE-F526E3771B68}.Debug|Any CPU.ActiveCfg = Debug|Any CPU
		{3080CEBF-B8B5-4BBB-99EE-F526E3771B68}.Debug|Any CPU.Build.0 = Debug|Any CPU
		{3080CEBF-B8B5-4BBB-99EE-F526E3771B68}.Debug|x64.ActiveCfg = Debug|Any CPU
		{3080CEBF-B8B5-4BBB-99EE-F526E3771B68}.Debug|x64.Build.0 = Debug|Any CPU
		{3080CEBF-B8B5-4BBB-99EE-F526E3771B68}.Debug|x86.ActiveCfg = Debug|Any CPU
		{3080CEBF-B8B5-4BBB-99EE-F526E3771B68}.Debug|x86.Build.0 = Debug|Any CPU
		{3080CEBF-B8B5-4BBB-99EE-F526E3771B68}.Release|Any CPU.ActiveCfg = Release|Any CPU
		{3080CEBF-B8B5-4BBB-99EE-F526E3771B68}.Release|Any CPU.Build.0 = Release|Any CPU
		{3080CEBF-B8B5-4BBB-99EE-F526E3771B68}.Release|x64.ActiveCfg = Release|Any CPU
		{3080CEBF-B8B5-4BBB-99EE-F526E3771B68}.Release|x64.Build.0 = Release|Any CPU
		{3080CEBF-B8B5-4BBB-99EE-F526E3771B68}.Release|x86.ActiveCfg = Release|Any CPU
		{3080CEBF-B8B5-4BBB-99EE-F526E3771B68}.Release|x86.Build.0 = Release|Any CPU
		{4DB7DB2F-FDC2-49B0-9D48-6D769C16B2E0}.Debug|Any CPU.ActiveCfg = Debug|Any CPU
		{4DB7DB2F-FDC2-49B0-9D48-6D769C16B2E0}.Debug|Any CPU.Build.0 = Debug|Any CPU
		{4DB7DB2F-FDC2-49B0-9D48-6D769C16B2E0}.Debug|x64.ActiveCfg = Debug|Any CPU
		{4DB7DB2F-FDC2-49B0-9D48-6D769C16B2E0}.Debug|x64.Build.0 = Debug|Any CPU
		{4DB7DB2F-FDC2-49B0-9D48-6D769C16B2E0}.Debug|x86.ActiveCfg = Debug|Any CPU
		{4DB7DB2F-FDC2-49B0-9D48-6D769C16B2E0}.Debug|x86.Build.0 = Debug|Any CPU
		{4DB7DB2F-FDC2-49B0-9D48-6D769C16B2E0}.Release|Any CPU.ActiveCfg = Release|Any CPU
		{4DB7DB2F-FDC2-49B0-9D48-6D769C16B2E0}.Release|Any CPU.Build.0 = Release|Any CPU
		{4DB7DB2F-FDC2-49B0-9D48-6D769C16B2E0}.Release|x64.ActiveCfg = Release|Any CPU
		{4DB7DB2F-FDC2-49B0-9D48-6D769C16B2E0}.Release|x64.Build.0 = Release|Any CPU
		{4DB7DB2F-FDC2-49B0-9D48-6D769C16B2E0}.Release|x86.ActiveCfg = Release|Any CPU
		{4DB7DB2F-FDC2-49B0-9D48-6D769C16B2E0}.Release|x86.Build.0 = Release|Any CPU
		{C182537E-1000-4A39-ACC7-B97F32C080BA}.Debug|Any CPU.ActiveCfg = Debug|Any CPU
		{C182537E-1000-4A39-ACC7-B97F32C080BA}.Debug|Any CPU.Build.0 = Debug|Any CPU
		{C182537E-1000-4A39-ACC7-B97F32C080BA}.Debug|x64.ActiveCfg = Debug|Any CPU
		{C182537E-1000-4A39-ACC7-B97F32C080BA}.Debug|x64.Build.0 = Debug|Any CPU
		{C182537E-1000-4A39-ACC7-B97F32C080BA}.Debug|x86.ActiveCfg = Debug|Any CPU
		{C182537E-1000-4A39-ACC7-B97F32C080BA}.Debug|x86.Build.0 = Debug|Any CPU
		{C182537E-1000-4A39-ACC7-B97F32C080BA}.Release|Any CPU.ActiveCfg = Release|Any CPU
		{C182537E-1000-4A39-ACC7-B97F32C080BA}.Release|Any CPU.Build.0 = Release|Any CPU
		{C182537E-1000-4A39-ACC7-B97F32C080BA}.Release|x64.ActiveCfg = Release|Any CPU
		{C182537E-1000-4A39-ACC7-B97F32C080BA}.Release|x64.Build.0 = Release|Any CPU
		{C182537E-1000-4A39-ACC7-B97F32C080BA}.Release|x86.ActiveCfg = Release|Any CPU
		{C182537E-1000-4A39-ACC7-B97F32C080BA}.Release|x86.Build.0 = Release|Any CPU
		{894C4D4A-4C2A-42D4-878F-6B4C100D41EE}.Debug|Any CPU.ActiveCfg = Debug|Any CPU
		{894C4D4A-4C2A-42D4-878F-6B4C100D41EE}.Debug|Any CPU.Build.0 = Debug|Any CPU
		{894C4D4A-4C2A-42D4-878F-6B4C100D41EE}.Debug|x64.ActiveCfg = Debug|Any CPU
		{894C4D4A-4C2A-42D4-878F-6B4C100D41EE}.Debug|x64.Build.0 = Debug|Any CPU
		{894C4D4A-4C2A-42D4-878F-6B4C100D41EE}.Debug|x86.ActiveCfg = Debug|Any CPU
		{894C4D4A-4C2A-42D4-878F-6B4C100D41EE}.Debug|x86.Build.0 = Debug|Any CPU
		{894C4D4A-4C2A-42D4-878F-6B4C100D41EE}.Release|Any CPU.ActiveCfg = Release|Any CPU
		{894C4D4A-4C2A-42D4-878F-6B4C100D41EE}.Release|Any CPU.Build.0 = Release|Any CPU
		{894C4D4A-4C2A-42D4-878F-6B4C100D41EE}.Release|x64.ActiveCfg = Release|Any CPU
		{894C4D4A-4C2A-42D4-878F-6B4C100D41EE}.Release|x64.Build.0 = Release|Any CPU
		{894C4D4A-4C2A-42D4-878F-6B4C100D41EE}.Release|x86.ActiveCfg = Release|Any CPU
		{894C4D4A-4C2A-42D4-878F-6B4C100D41EE}.Release|x86.Build.0 = Release|Any CPU
		{F7053B37-5591-455F-B3A2-0CE2DC99CCFE}.Debug|Any CPU.ActiveCfg = Debug|Any CPU
		{F7053B37-5591-455F-B3A2-0CE2DC99CCFE}.Debug|Any CPU.Build.0 = Debug|Any CPU
		{F7053B37-5591-455F-B3A2-0CE2DC99CCFE}.Debug|x64.ActiveCfg = Debug|Any CPU
		{F7053B37-5591-455F-B3A2-0CE2DC99CCFE}.Debug|x64.Build.0 = Debug|Any CPU
		{F7053B37-5591-455F-B3A2-0CE2DC99CCFE}.Debug|x86.ActiveCfg = Debug|Any CPU
		{F7053B37-5591-455F-B3A2-0CE2DC99CCFE}.Debug|x86.Build.0 = Debug|Any CPU
		{F7053B37-5591-455F-B3A2-0CE2DC99CCFE}.Release|Any CPU.ActiveCfg = Release|Any CPU
		{F7053B37-5591-455F-B3A2-0CE2DC99CCFE}.Release|Any CPU.Build.0 = Release|Any CPU
		{F7053B37-5591-455F-B3A2-0CE2DC99CCFE}.Release|x64.ActiveCfg = Release|Any CPU
		{F7053B37-5591-455F-B3A2-0CE2DC99CCFE}.Release|x64.Build.0 = Release|Any CPU
		{F7053B37-5591-455F-B3A2-0CE2DC99CCFE}.Release|x86.ActiveCfg = Release|Any CPU
		{F7053B37-5591-455F-B3A2-0CE2DC99CCFE}.Release|x86.Build.0 = Release|Any CPU
		{912623A3-3189-47A7-A772-E64A0EE7F5F3}.Debug|Any CPU.ActiveCfg = Debug|Any CPU
		{912623A3-3189-47A7-A772-E64A0EE7F5F3}.Debug|Any CPU.Build.0 = Debug|Any CPU
		{912623A3-3189-47A7-A772-E64A0EE7F5F3}.Debug|x64.ActiveCfg = Debug|Any CPU
		{912623A3-3189-47A7-A772-E64A0EE7F5F3}.Debug|x64.Build.0 = Debug|Any CPU
		{912623A3-3189-47A7-A772-E64A0EE7F5F3}.Debug|x86.ActiveCfg = Debug|Any CPU
		{912623A3-3189-47A7-A772-E64A0EE7F5F3}.Debug|x86.Build.0 = Debug|Any CPU
		{912623A3-3189-47A7-A772-E64A0EE7F5F3}.Release|Any CPU.ActiveCfg = Release|Any CPU
		{912623A3-3189-47A7-A772-E64A0EE7F5F3}.Release|Any CPU.Build.0 = Release|Any CPU
		{912623A3-3189-47A7-A772-E64A0EE7F5F3}.Release|x64.ActiveCfg = Release|Any CPU
		{912623A3-3189-47A7-A772-E64A0EE7F5F3}.Release|x64.Build.0 = Release|Any CPU
		{912623A3-3189-47A7-A772-E64A0EE7F5F3}.Release|x86.ActiveCfg = Release|Any CPU
		{912623A3-3189-47A7-A772-E64A0EE7F5F3}.Release|x86.Build.0 = Release|Any CPU
		{3B95FEB9-1C92-4C69-BC56-1666122FD748}.Debug|Any CPU.ActiveCfg = Debug|Any CPU
		{3B95FEB9-1C92-4C69-BC56-1666122FD748}.Debug|Any CPU.Build.0 = Debug|Any CPU
		{3B95FEB9-1C92-4C69-BC56-1666122FD748}.Debug|x64.ActiveCfg = Debug|Any CPU
		{3B95FEB9-1C92-4C69-BC56-1666122FD748}.Debug|x64.Build.0 = Debug|Any CPU
		{3B95FEB9-1C92-4C69-BC56-1666122FD748}.Debug|x86.ActiveCfg = Debug|Any CPU
		{3B95FEB9-1C92-4C69-BC56-1666122FD748}.Debug|x86.Build.0 = Debug|Any CPU
		{3B95FEB9-1C92-4C69-BC56-1666122FD748}.Release|Any CPU.ActiveCfg = Release|Any CPU
		{3B95FEB9-1C92-4C69-BC56-1666122FD748}.Release|Any CPU.Build.0 = Release|Any CPU
		{3B95FEB9-1C92-4C69-BC56-1666122FD748}.Release|x64.ActiveCfg = Release|Any CPU
		{3B95FEB9-1C92-4C69-BC56-1666122FD748}.Release|x64.Build.0 = Release|Any CPU
		{3B95FEB9-1C92-4C69-BC56-1666122FD748}.Release|x86.ActiveCfg = Release|Any CPU
		{3B95FEB9-1C92-4C69-BC56-1666122FD748}.Release|x86.Build.0 = Release|Any CPU
		{5843CFBB-7C00-40DD-B32B-06B599F603CB}.Debug|Any CPU.ActiveCfg = Debug|Any CPU
		{5843CFBB-7C00-40DD-B32B-06B599F603CB}.Debug|Any CPU.Build.0 = Debug|Any CPU
		{5843CFBB-7C00-40DD-B32B-06B599F603CB}.Debug|x64.ActiveCfg = Debug|Any CPU
		{5843CFBB-7C00-40DD-B32B-06B599F603CB}.Debug|x64.Build.0 = Debug|Any CPU
		{5843CFBB-7C00-40DD-B32B-06B599F603CB}.Debug|x86.ActiveCfg = Debug|Any CPU
		{5843CFBB-7C00-40DD-B32B-06B599F603CB}.Debug|x86.Build.0 = Debug|Any CPU
		{5843CFBB-7C00-40DD-B32B-06B599F603CB}.Release|Any CPU.ActiveCfg = Release|Any CPU
		{5843CFBB-7C00-40DD-B32B-06B599F603CB}.Release|Any CPU.Build.0 = Release|Any CPU
		{5843CFBB-7C00-40DD-B32B-06B599F603CB}.Release|x64.ActiveCfg = Release|Any CPU
		{5843CFBB-7C00-40DD-B32B-06B599F603CB}.Release|x64.Build.0 = Release|Any CPU
		{5843CFBB-7C00-40DD-B32B-06B599F603CB}.Release|x86.ActiveCfg = Release|Any CPU
		{5843CFBB-7C00-40DD-B32B-06B599F603CB}.Release|x86.Build.0 = Release|Any CPU
		{F065FEBE-DDF1-40AD-897F-39CE1CBCE8B2}.Debug|Any CPU.ActiveCfg = Debug|Any CPU
		{F065FEBE-DDF1-40AD-897F-39CE1CBCE8B2}.Debug|Any CPU.Build.0 = Debug|Any CPU
		{F065FEBE-DDF1-40AD-897F-39CE1CBCE8B2}.Debug|x64.ActiveCfg = Debug|Any CPU
		{F065FEBE-DDF1-40AD-897F-39CE1CBCE8B2}.Debug|x64.Build.0 = Debug|Any CPU
		{F065FEBE-DDF1-40AD-897F-39CE1CBCE8B2}.Debug|x86.ActiveCfg = Debug|Any CPU
		{F065FEBE-DDF1-40AD-897F-39CE1CBCE8B2}.Debug|x86.Build.0 = Debug|Any CPU
		{F065FEBE-DDF1-40AD-897F-39CE1CBCE8B2}.Release|Any CPU.ActiveCfg = Release|Any CPU
		{F065FEBE-DDF1-40AD-897F-39CE1CBCE8B2}.Release|Any CPU.Build.0 = Release|Any CPU
		{F065FEBE-DDF1-40AD-897F-39CE1CBCE8B2}.Release|x64.ActiveCfg = Release|Any CPU
		{F065FEBE-DDF1-40AD-897F-39CE1CBCE8B2}.Release|x64.Build.0 = Release|Any CPU
		{F065FEBE-DDF1-40AD-897F-39CE1CBCE8B2}.Release|x86.ActiveCfg = Release|Any CPU
		{F065FEBE-DDF1-40AD-897F-39CE1CBCE8B2}.Release|x86.Build.0 = Release|Any CPU
		{3390F0F2-8811-4181-96FC-E78BA0A5C06C}.Debug|Any CPU.ActiveCfg = Debug|Any CPU
		{3390F0F2-8811-4181-96FC-E78BA0A5C06C}.Debug|Any CPU.Build.0 = Debug|Any CPU
		{3390F0F2-8811-4181-96FC-E78BA0A5C06C}.Debug|x64.ActiveCfg = Debug|Any CPU
		{3390F0F2-8811-4181-96FC-E78BA0A5C06C}.Debug|x64.Build.0 = Debug|Any CPU
		{3390F0F2-8811-4181-96FC-E78BA0A5C06C}.Debug|x86.ActiveCfg = Debug|Any CPU
		{3390F0F2-8811-4181-96FC-E78BA0A5C06C}.Debug|x86.Build.0 = Debug|Any CPU
		{3390F0F2-8811-4181-96FC-E78BA0A5C06C}.Release|Any CPU.ActiveCfg = Release|Any CPU
		{3390F0F2-8811-4181-96FC-E78BA0A5C06C}.Release|Any CPU.Build.0 = Release|Any CPU
		{3390F0F2-8811-4181-96FC-E78BA0A5C06C}.Release|x64.ActiveCfg = Release|Any CPU
		{3390F0F2-8811-4181-96FC-E78BA0A5C06C}.Release|x64.Build.0 = Release|Any CPU
		{3390F0F2-8811-4181-96FC-E78BA0A5C06C}.Release|x86.ActiveCfg = Release|Any CPU
		{3390F0F2-8811-4181-96FC-E78BA0A5C06C}.Release|x86.Build.0 = Release|Any CPU
		{F3D6156C-57AB-4203-922D-B4460DE3A91D}.Debug|Any CPU.ActiveCfg = Debug|Any CPU
		{F3D6156C-57AB-4203-922D-B4460DE3A91D}.Debug|Any CPU.Build.0 = Debug|Any CPU
		{F3D6156C-57AB-4203-922D-B4460DE3A91D}.Debug|x64.ActiveCfg = Debug|Any CPU
		{F3D6156C-57AB-4203-922D-B4460DE3A91D}.Debug|x64.Build.0 = Debug|Any CPU
		{F3D6156C-57AB-4203-922D-B4460DE3A91D}.Debug|x86.ActiveCfg = Debug|Any CPU
		{F3D6156C-57AB-4203-922D-B4460DE3A91D}.Debug|x86.Build.0 = Debug|Any CPU
		{F3D6156C-57AB-4203-922D-B4460DE3A91D}.Release|Any CPU.ActiveCfg = Release|Any CPU
		{F3D6156C-57AB-4203-922D-B4460DE3A91D}.Release|Any CPU.Build.0 = Release|Any CPU
		{F3D6156C-57AB-4203-922D-B4460DE3A91D}.Release|x64.ActiveCfg = Release|Any CPU
		{F3D6156C-57AB-4203-922D-B4460DE3A91D}.Release|x64.Build.0 = Release|Any CPU
		{F3D6156C-57AB-4203-922D-B4460DE3A91D}.Release|x86.ActiveCfg = Release|Any CPU
		{F3D6156C-57AB-4203-922D-B4460DE3A91D}.Release|x86.Build.0 = Release|Any CPU
		{AF07EAE1-2661-468F-9E5D-93F179E1C45E}.Debug|Any CPU.ActiveCfg = Debug|Any CPU
		{AF07EAE1-2661-468F-9E5D-93F179E1C45E}.Debug|Any CPU.Build.0 = Debug|Any CPU
		{AF07EAE1-2661-468F-9E5D-93F179E1C45E}.Debug|x64.ActiveCfg = Debug|Any CPU
		{AF07EAE1-2661-468F-9E5D-93F179E1C45E}.Debug|x64.Build.0 = Debug|Any CPU
		{AF07EAE1-2661-468F-9E5D-93F179E1C45E}.Debug|x86.ActiveCfg = Debug|Any CPU
		{AF07EAE1-2661-468F-9E5D-93F179E1C45E}.Debug|x86.Build.0 = Debug|Any CPU
		{AF07EAE1-2661-468F-9E5D-93F179E1C45E}.Release|Any CPU.ActiveCfg = Release|Any CPU
		{AF07EAE1-2661-468F-9E5D-93F179E1C45E}.Release|Any CPU.Build.0 = Release|Any CPU
		{AF07EAE1-2661-468F-9E5D-93F179E1C45E}.Release|x64.ActiveCfg = Release|Any CPU
		{AF07EAE1-2661-468F-9E5D-93F179E1C45E}.Release|x64.Build.0 = Release|Any CPU
		{AF07EAE1-2661-468F-9E5D-93F179E1C45E}.Release|x86.ActiveCfg = Release|Any CPU
		{AF07EAE1-2661-468F-9E5D-93F179E1C45E}.Release|x86.Build.0 = Release|Any CPU
		{59F15A84-6893-430F-A6C9-8D01F48A97D0}.Debug|Any CPU.ActiveCfg = Debug|Any CPU
		{59F15A84-6893-430F-A6C9-8D01F48A97D0}.Debug|Any CPU.Build.0 = Debug|Any CPU
		{59F15A84-6893-430F-A6C9-8D01F48A97D0}.Debug|x64.ActiveCfg = Debug|Any CPU
		{59F15A84-6893-430F-A6C9-8D01F48A97D0}.Debug|x64.Build.0 = Debug|Any CPU
		{59F15A84-6893-430F-A6C9-8D01F48A97D0}.Debug|x86.ActiveCfg = Debug|Any CPU
		{59F15A84-6893-430F-A6C9-8D01F48A97D0}.Debug|x86.Build.0 = Debug|Any CPU
		{59F15A84-6893-430F-A6C9-8D01F48A97D0}.Release|Any CPU.ActiveCfg = Release|Any CPU
		{59F15A84-6893-430F-A6C9-8D01F48A97D0}.Release|Any CPU.Build.0 = Release|Any CPU
		{59F15A84-6893-430F-A6C9-8D01F48A97D0}.Release|x64.ActiveCfg = Release|Any CPU
		{59F15A84-6893-430F-A6C9-8D01F48A97D0}.Release|x64.Build.0 = Release|Any CPU
		{59F15A84-6893-430F-A6C9-8D01F48A97D0}.Release|x86.ActiveCfg = Release|Any CPU
		{59F15A84-6893-430F-A6C9-8D01F48A97D0}.Release|x86.Build.0 = Release|Any CPU
		{63BF9652-2351-484E-8473-829AF90CB15F}.Debug|Any CPU.ActiveCfg = Debug|Any CPU
		{63BF9652-2351-484E-8473-829AF90CB15F}.Debug|Any CPU.Build.0 = Debug|Any CPU
		{63BF9652-2351-484E-8473-829AF90CB15F}.Debug|x64.ActiveCfg = Debug|Any CPU
		{63BF9652-2351-484E-8473-829AF90CB15F}.Debug|x64.Build.0 = Debug|Any CPU
		{63BF9652-2351-484E-8473-829AF90CB15F}.Debug|x86.ActiveCfg = Debug|Any CPU
		{63BF9652-2351-484E-8473-829AF90CB15F}.Debug|x86.Build.0 = Debug|Any CPU
		{63BF9652-2351-484E-8473-829AF90CB15F}.Release|Any CPU.ActiveCfg = Release|Any CPU
		{63BF9652-2351-484E-8473-829AF90CB15F}.Release|Any CPU.Build.0 = Release|Any CPU
		{63BF9652-2351-484E-8473-829AF90CB15F}.Release|x64.ActiveCfg = Release|Any CPU
		{63BF9652-2351-484E-8473-829AF90CB15F}.Release|x64.Build.0 = Release|Any CPU
		{63BF9652-2351-484E-8473-829AF90CB15F}.Release|x86.ActiveCfg = Release|Any CPU
		{63BF9652-2351-484E-8473-829AF90CB15F}.Release|x86.Build.0 = Release|Any CPU
		{9ED28FCB-AFEA-4776-8435-48DCC418F954}.Debug|Any CPU.ActiveCfg = Debug|Any CPU
		{9ED28FCB-AFEA-4776-8435-48DCC418F954}.Debug|Any CPU.Build.0 = Debug|Any CPU
		{9ED28FCB-AFEA-4776-8435-48DCC418F954}.Debug|x64.ActiveCfg = Debug|Any CPU
		{9ED28FCB-AFEA-4776-8435-48DCC418F954}.Debug|x64.Build.0 = Debug|Any CPU
		{9ED28FCB-AFEA-4776-8435-48DCC418F954}.Debug|x86.ActiveCfg = Debug|Any CPU
		{9ED28FCB-AFEA-4776-8435-48DCC418F954}.Debug|x86.Build.0 = Debug|Any CPU
		{9ED28FCB-AFEA-4776-8435-48DCC418F954}.Release|Any CPU.ActiveCfg = Release|Any CPU
		{9ED28FCB-AFEA-4776-8435-48DCC418F954}.Release|Any CPU.Build.0 = Release|Any CPU
		{9ED28FCB-AFEA-4776-8435-48DCC418F954}.Release|x64.ActiveCfg = Release|Any CPU
		{9ED28FCB-AFEA-4776-8435-48DCC418F954}.Release|x64.Build.0 = Release|Any CPU
		{9ED28FCB-AFEA-4776-8435-48DCC418F954}.Release|x86.ActiveCfg = Release|Any CPU
		{9ED28FCB-AFEA-4776-8435-48DCC418F954}.Release|x86.Build.0 = Release|Any CPU
		{2ED7258F-F905-40C3-8719-B425BBEC8CEB}.Debug|Any CPU.ActiveCfg = Debug|Any CPU
		{2ED7258F-F905-40C3-8719-B425BBEC8CEB}.Debug|Any CPU.Build.0 = Debug|Any CPU
		{2ED7258F-F905-40C3-8719-B425BBEC8CEB}.Debug|x64.ActiveCfg = Debug|Any CPU
		{2ED7258F-F905-40C3-8719-B425BBEC8CEB}.Debug|x64.Build.0 = Debug|Any CPU
		{2ED7258F-F905-40C3-8719-B425BBEC8CEB}.Debug|x86.ActiveCfg = Debug|Any CPU
		{2ED7258F-F905-40C3-8719-B425BBEC8CEB}.Debug|x86.Build.0 = Debug|Any CPU
		{2ED7258F-F905-40C3-8719-B425BBEC8CEB}.Release|Any CPU.ActiveCfg = Release|Any CPU
		{2ED7258F-F905-40C3-8719-B425BBEC8CEB}.Release|Any CPU.Build.0 = Release|Any CPU
		{2ED7258F-F905-40C3-8719-B425BBEC8CEB}.Release|x64.ActiveCfg = Release|Any CPU
		{2ED7258F-F905-40C3-8719-B425BBEC8CEB}.Release|x64.Build.0 = Release|Any CPU
		{2ED7258F-F905-40C3-8719-B425BBEC8CEB}.Release|x86.ActiveCfg = Release|Any CPU
		{2ED7258F-F905-40C3-8719-B425BBEC8CEB}.Release|x86.Build.0 = Release|Any CPU
		{56451DD7-17FF-4F48-BA9A-3333DB9CA5CE}.Debug|Any CPU.ActiveCfg = Debug|Any CPU
		{56451DD7-17FF-4F48-BA9A-3333DB9CA5CE}.Debug|Any CPU.Build.0 = Debug|Any CPU
		{56451DD7-17FF-4F48-BA9A-3333DB9CA5CE}.Debug|x64.ActiveCfg = Debug|Any CPU
		{56451DD7-17FF-4F48-BA9A-3333DB9CA5CE}.Debug|x64.Build.0 = Debug|Any CPU
		{56451DD7-17FF-4F48-BA9A-3333DB9CA5CE}.Debug|x86.ActiveCfg = Debug|Any CPU
		{56451DD7-17FF-4F48-BA9A-3333DB9CA5CE}.Debug|x86.Build.0 = Debug|Any CPU
		{56451DD7-17FF-4F48-BA9A-3333DB9CA5CE}.Release|Any CPU.ActiveCfg = Release|Any CPU
		{56451DD7-17FF-4F48-BA9A-3333DB9CA5CE}.Release|Any CPU.Build.0 = Release|Any CPU
		{56451DD7-17FF-4F48-BA9A-3333DB9CA5CE}.Release|x64.ActiveCfg = Release|Any CPU
		{56451DD7-17FF-4F48-BA9A-3333DB9CA5CE}.Release|x64.Build.0 = Release|Any CPU
		{56451DD7-17FF-4F48-BA9A-3333DB9CA5CE}.Release|x86.ActiveCfg = Release|Any CPU
		{56451DD7-17FF-4F48-BA9A-3333DB9CA5CE}.Release|x86.Build.0 = Release|Any CPU
		{0855232A-8316-4289-B901-15D2D9F7B656}.Debug|Any CPU.ActiveCfg = Debug|Any CPU
		{0855232A-8316-4289-B901-15D2D9F7B656}.Debug|Any CPU.Build.0 = Debug|Any CPU
		{0855232A-8316-4289-B901-15D2D9F7B656}.Debug|x64.ActiveCfg = Debug|Any CPU
		{0855232A-8316-4289-B901-15D2D9F7B656}.Debug|x64.Build.0 = Debug|Any CPU
		{0855232A-8316-4289-B901-15D2D9F7B656}.Debug|x86.ActiveCfg = Debug|Any CPU
		{0855232A-8316-4289-B901-15D2D9F7B656}.Debug|x86.Build.0 = Debug|Any CPU
		{0855232A-8316-4289-B901-15D2D9F7B656}.Release|Any CPU.ActiveCfg = Release|Any CPU
		{0855232A-8316-4289-B901-15D2D9F7B656}.Release|Any CPU.Build.0 = Release|Any CPU
		{0855232A-8316-4289-B901-15D2D9F7B656}.Release|x64.ActiveCfg = Release|Any CPU
		{0855232A-8316-4289-B901-15D2D9F7B656}.Release|x64.Build.0 = Release|Any CPU
		{0855232A-8316-4289-B901-15D2D9F7B656}.Release|x86.ActiveCfg = Release|Any CPU
		{0855232A-8316-4289-B901-15D2D9F7B656}.Release|x86.Build.0 = Release|Any CPU
		{C59A1FBF-0E7A-400B-BE2C-D4E62AA963F2}.Debug|Any CPU.ActiveCfg = Debug|Any CPU
		{C59A1FBF-0E7A-400B-BE2C-D4E62AA963F2}.Debug|Any CPU.Build.0 = Debug|Any CPU
		{C59A1FBF-0E7A-400B-BE2C-D4E62AA963F2}.Debug|x64.ActiveCfg = Debug|Any CPU
		{C59A1FBF-0E7A-400B-BE2C-D4E62AA963F2}.Debug|x64.Build.0 = Debug|Any CPU
		{C59A1FBF-0E7A-400B-BE2C-D4E62AA963F2}.Debug|x86.ActiveCfg = Debug|Any CPU
		{C59A1FBF-0E7A-400B-BE2C-D4E62AA963F2}.Debug|x86.Build.0 = Debug|Any CPU
		{C59A1FBF-0E7A-400B-BE2C-D4E62AA963F2}.Release|Any CPU.ActiveCfg = Release|Any CPU
		{C59A1FBF-0E7A-400B-BE2C-D4E62AA963F2}.Release|Any CPU.Build.0 = Release|Any CPU
		{C59A1FBF-0E7A-400B-BE2C-D4E62AA963F2}.Release|x64.ActiveCfg = Release|Any CPU
		{C59A1FBF-0E7A-400B-BE2C-D4E62AA963F2}.Release|x64.Build.0 = Release|Any CPU
		{C59A1FBF-0E7A-400B-BE2C-D4E62AA963F2}.Release|x86.ActiveCfg = Release|Any CPU
		{C59A1FBF-0E7A-400B-BE2C-D4E62AA963F2}.Release|x86.Build.0 = Release|Any CPU
		{9F41502E-6E43-4975-BDF1-0816FC2907CB}.Debug|Any CPU.ActiveCfg = Debug|Any CPU
		{9F41502E-6E43-4975-BDF1-0816FC2907CB}.Debug|Any CPU.Build.0 = Debug|Any CPU
		{9F41502E-6E43-4975-BDF1-0816FC2907CB}.Debug|x64.ActiveCfg = Debug|Any CPU
		{9F41502E-6E43-4975-BDF1-0816FC2907CB}.Debug|x64.Build.0 = Debug|Any CPU
		{9F41502E-6E43-4975-BDF1-0816FC2907CB}.Debug|x86.ActiveCfg = Debug|Any CPU
		{9F41502E-6E43-4975-BDF1-0816FC2907CB}.Debug|x86.Build.0 = Debug|Any CPU
		{9F41502E-6E43-4975-BDF1-0816FC2907CB}.Release|Any CPU.ActiveCfg = Release|Any CPU
		{9F41502E-6E43-4975-BDF1-0816FC2907CB}.Release|Any CPU.Build.0 = Release|Any CPU
		{9F41502E-6E43-4975-BDF1-0816FC2907CB}.Release|x64.ActiveCfg = Release|Any CPU
		{9F41502E-6E43-4975-BDF1-0816FC2907CB}.Release|x64.Build.0 = Release|Any CPU
		{9F41502E-6E43-4975-BDF1-0816FC2907CB}.Release|x86.ActiveCfg = Release|Any CPU
		{9F41502E-6E43-4975-BDF1-0816FC2907CB}.Release|x86.Build.0 = Release|Any CPU
		{860EFFFC-BA7C-4B3F-B10D-8857C299741F}.Debug|Any CPU.ActiveCfg = Debug|Any CPU
		{860EFFFC-BA7C-4B3F-B10D-8857C299741F}.Debug|Any CPU.Build.0 = Debug|Any CPU
		{860EFFFC-BA7C-4B3F-B10D-8857C299741F}.Debug|x64.ActiveCfg = Debug|Any CPU
		{860EFFFC-BA7C-4B3F-B10D-8857C299741F}.Debug|x64.Build.0 = Debug|Any CPU
		{860EFFFC-BA7C-4B3F-B10D-8857C299741F}.Debug|x86.ActiveCfg = Debug|Any CPU
		{860EFFFC-BA7C-4B3F-B10D-8857C299741F}.Debug|x86.Build.0 = Debug|Any CPU
		{860EFFFC-BA7C-4B3F-B10D-8857C299741F}.Release|Any CPU.ActiveCfg = Release|Any CPU
		{860EFFFC-BA7C-4B3F-B10D-8857C299741F}.Release|Any CPU.Build.0 = Release|Any CPU
		{860EFFFC-BA7C-4B3F-B10D-8857C299741F}.Release|x64.ActiveCfg = Release|Any CPU
		{860EFFFC-BA7C-4B3F-B10D-8857C299741F}.Release|x64.Build.0 = Release|Any CPU
		{860EFFFC-BA7C-4B3F-B10D-8857C299741F}.Release|x86.ActiveCfg = Release|Any CPU
		{860EFFFC-BA7C-4B3F-B10D-8857C299741F}.Release|x86.Build.0 = Release|Any CPU
		{3F34E94B-BBBE-46A2-BA09-9D712A875CA2}.Debug|Any CPU.ActiveCfg = Debug|Any CPU
		{3F34E94B-BBBE-46A2-BA09-9D712A875CA2}.Debug|Any CPU.Build.0 = Debug|Any CPU
		{3F34E94B-BBBE-46A2-BA09-9D712A875CA2}.Debug|x64.ActiveCfg = Debug|Any CPU
		{3F34E94B-BBBE-46A2-BA09-9D712A875CA2}.Debug|x64.Build.0 = Debug|Any CPU
		{3F34E94B-BBBE-46A2-BA09-9D712A875CA2}.Debug|x86.ActiveCfg = Debug|Any CPU
		{3F34E94B-BBBE-46A2-BA09-9D712A875CA2}.Debug|x86.Build.0 = Debug|Any CPU
		{3F34E94B-BBBE-46A2-BA09-9D712A875CA2}.Release|Any CPU.ActiveCfg = Release|Any CPU
		{3F34E94B-BBBE-46A2-BA09-9D712A875CA2}.Release|Any CPU.Build.0 = Release|Any CPU
		{3F34E94B-BBBE-46A2-BA09-9D712A875CA2}.Release|x64.ActiveCfg = Release|Any CPU
		{3F34E94B-BBBE-46A2-BA09-9D712A875CA2}.Release|x64.Build.0 = Release|Any CPU
		{3F34E94B-BBBE-46A2-BA09-9D712A875CA2}.Release|x86.ActiveCfg = Release|Any CPU
		{3F34E94B-BBBE-46A2-BA09-9D712A875CA2}.Release|x86.Build.0 = Release|Any CPU
		{E26F4189-A215-478A-B11D-B8779C0833C1}.Debug|Any CPU.ActiveCfg = Debug|Any CPU
		{E26F4189-A215-478A-B11D-B8779C0833C1}.Debug|Any CPU.Build.0 = Debug|Any CPU
		{E26F4189-A215-478A-B11D-B8779C0833C1}.Debug|x64.ActiveCfg = Debug|Any CPU
		{E26F4189-A215-478A-B11D-B8779C0833C1}.Debug|x64.Build.0 = Debug|Any CPU
		{E26F4189-A215-478A-B11D-B8779C0833C1}.Debug|x86.ActiveCfg = Debug|Any CPU
		{E26F4189-A215-478A-B11D-B8779C0833C1}.Debug|x86.Build.0 = Debug|Any CPU
		{E26F4189-A215-478A-B11D-B8779C0833C1}.Release|Any CPU.ActiveCfg = Release|Any CPU
		{E26F4189-A215-478A-B11D-B8779C0833C1}.Release|Any CPU.Build.0 = Release|Any CPU
		{E26F4189-A215-478A-B11D-B8779C0833C1}.Release|x64.ActiveCfg = Release|Any CPU
		{E26F4189-A215-478A-B11D-B8779C0833C1}.Release|x64.Build.0 = Release|Any CPU
		{E26F4189-A215-478A-B11D-B8779C0833C1}.Release|x86.ActiveCfg = Release|Any CPU
		{E26F4189-A215-478A-B11D-B8779C0833C1}.Release|x86.Build.0 = Release|Any CPU
		{42F23311-1BAC-4541-8678-CB2EAC053152}.Debug|Any CPU.ActiveCfg = Debug|Any CPU
		{42F23311-1BAC-4541-8678-CB2EAC053152}.Debug|Any CPU.Build.0 = Debug|Any CPU
		{42F23311-1BAC-4541-8678-CB2EAC053152}.Debug|x64.ActiveCfg = Debug|Any CPU
		{42F23311-1BAC-4541-8678-CB2EAC053152}.Debug|x64.Build.0 = Debug|Any CPU
		{42F23311-1BAC-4541-8678-CB2EAC053152}.Debug|x86.ActiveCfg = Debug|Any CPU
		{42F23311-1BAC-4541-8678-CB2EAC053152}.Debug|x86.Build.0 = Debug|Any CPU
		{42F23311-1BAC-4541-8678-CB2EAC053152}.Release|Any CPU.ActiveCfg = Release|Any CPU
		{42F23311-1BAC-4541-8678-CB2EAC053152}.Release|Any CPU.Build.0 = Release|Any CPU
		{42F23311-1BAC-4541-8678-CB2EAC053152}.Release|x64.ActiveCfg = Release|Any CPU
		{42F23311-1BAC-4541-8678-CB2EAC053152}.Release|x64.Build.0 = Release|Any CPU
		{42F23311-1BAC-4541-8678-CB2EAC053152}.Release|x86.ActiveCfg = Release|Any CPU
		{42F23311-1BAC-4541-8678-CB2EAC053152}.Release|x86.Build.0 = Release|Any CPU
		{1D341F83-8018-418E-BAFE-9DAAD6DABF27}.Debug|Any CPU.ActiveCfg = Debug|Any CPU
		{1D341F83-8018-418E-BAFE-9DAAD6DABF27}.Debug|Any CPU.Build.0 = Debug|Any CPU
		{1D341F83-8018-418E-BAFE-9DAAD6DABF27}.Debug|x64.ActiveCfg = Debug|Any CPU
		{1D341F83-8018-418E-BAFE-9DAAD6DABF27}.Debug|x64.Build.0 = Debug|Any CPU
		{1D341F83-8018-418E-BAFE-9DAAD6DABF27}.Debug|x86.ActiveCfg = Debug|Any CPU
		{1D341F83-8018-418E-BAFE-9DAAD6DABF27}.Debug|x86.Build.0 = Debug|Any CPU
		{1D341F83-8018-418E-BAFE-9DAAD6DABF27}.Release|Any CPU.ActiveCfg = Release|Any CPU
		{1D341F83-8018-418E-BAFE-9DAAD6DABF27}.Release|Any CPU.Build.0 = Release|Any CPU
		{1D341F83-8018-418E-BAFE-9DAAD6DABF27}.Release|x64.ActiveCfg = Release|Any CPU
		{1D341F83-8018-418E-BAFE-9DAAD6DABF27}.Release|x64.Build.0 = Release|Any CPU
		{1D341F83-8018-418E-BAFE-9DAAD6DABF27}.Release|x86.ActiveCfg = Release|Any CPU
		{1D341F83-8018-418E-BAFE-9DAAD6DABF27}.Release|x86.Build.0 = Release|Any CPU
		{078DA83F-D7D6-46B5-B78A-3429A6973C7C}.Debug|Any CPU.ActiveCfg = Debug|Any CPU
		{078DA83F-D7D6-46B5-B78A-3429A6973C7C}.Debug|Any CPU.Build.0 = Debug|Any CPU
		{078DA83F-D7D6-46B5-B78A-3429A6973C7C}.Debug|x64.ActiveCfg = Debug|Any CPU
		{078DA83F-D7D6-46B5-B78A-3429A6973C7C}.Debug|x64.Build.0 = Debug|Any CPU
		{078DA83F-D7D6-46B5-B78A-3429A6973C7C}.Debug|x86.ActiveCfg = Debug|Any CPU
		{078DA83F-D7D6-46B5-B78A-3429A6973C7C}.Debug|x86.Build.0 = Debug|Any CPU
		{078DA83F-D7D6-46B5-B78A-3429A6973C7C}.Release|Any CPU.ActiveCfg = Release|Any CPU
		{078DA83F-D7D6-46B5-B78A-3429A6973C7C}.Release|Any CPU.Build.0 = Release|Any CPU
		{078DA83F-D7D6-46B5-B78A-3429A6973C7C}.Release|x64.ActiveCfg = Release|Any CPU
		{078DA83F-D7D6-46B5-B78A-3429A6973C7C}.Release|x64.Build.0 = Release|Any CPU
		{078DA83F-D7D6-46B5-B78A-3429A6973C7C}.Release|x86.ActiveCfg = Release|Any CPU
		{078DA83F-D7D6-46B5-B78A-3429A6973C7C}.Release|x86.Build.0 = Release|Any CPU
		{7CD0CD48-A80B-4DF5-8F61-CA00625472AC}.Debug|Any CPU.ActiveCfg = Debug|Any CPU
		{7CD0CD48-A80B-4DF5-8F61-CA00625472AC}.Debug|Any CPU.Build.0 = Debug|Any CPU
		{7CD0CD48-A80B-4DF5-8F61-CA00625472AC}.Debug|x64.ActiveCfg = Debug|Any CPU
		{7CD0CD48-A80B-4DF5-8F61-CA00625472AC}.Debug|x64.Build.0 = Debug|Any CPU
		{7CD0CD48-A80B-4DF5-8F61-CA00625472AC}.Debug|x86.ActiveCfg = Debug|Any CPU
		{7CD0CD48-A80B-4DF5-8F61-CA00625472AC}.Debug|x86.Build.0 = Debug|Any CPU
		{7CD0CD48-A80B-4DF5-8F61-CA00625472AC}.Release|Any CPU.ActiveCfg = Release|Any CPU
		{7CD0CD48-A80B-4DF5-8F61-CA00625472AC}.Release|Any CPU.Build.0 = Release|Any CPU
		{7CD0CD48-A80B-4DF5-8F61-CA00625472AC}.Release|x64.ActiveCfg = Release|Any CPU
		{7CD0CD48-A80B-4DF5-8F61-CA00625472AC}.Release|x64.Build.0 = Release|Any CPU
		{7CD0CD48-A80B-4DF5-8F61-CA00625472AC}.Release|x86.ActiveCfg = Release|Any CPU
		{7CD0CD48-A80B-4DF5-8F61-CA00625472AC}.Release|x86.Build.0 = Release|Any CPU
		{CD87E0AD-DEEC-40E5-9154-8656E303B66D}.Debug|Any CPU.ActiveCfg = Debug|Any CPU
		{CD87E0AD-DEEC-40E5-9154-8656E303B66D}.Debug|Any CPU.Build.0 = Debug|Any CPU
		{CD87E0AD-DEEC-40E5-9154-8656E303B66D}.Debug|x64.ActiveCfg = Debug|Any CPU
		{CD87E0AD-DEEC-40E5-9154-8656E303B66D}.Debug|x64.Build.0 = Debug|Any CPU
		{CD87E0AD-DEEC-40E5-9154-8656E303B66D}.Debug|x86.ActiveCfg = Debug|Any CPU
		{CD87E0AD-DEEC-40E5-9154-8656E303B66D}.Debug|x86.Build.0 = Debug|Any CPU
		{CD87E0AD-DEEC-40E5-9154-8656E303B66D}.Release|Any CPU.ActiveCfg = Release|Any CPU
		{CD87E0AD-DEEC-40E5-9154-8656E303B66D}.Release|Any CPU.Build.0 = Release|Any CPU
		{CD87E0AD-DEEC-40E5-9154-8656E303B66D}.Release|x64.ActiveCfg = Release|Any CPU
		{CD87E0AD-DEEC-40E5-9154-8656E303B66D}.Release|x64.Build.0 = Release|Any CPU
		{CD87E0AD-DEEC-40E5-9154-8656E303B66D}.Release|x86.ActiveCfg = Release|Any CPU
		{CD87E0AD-DEEC-40E5-9154-8656E303B66D}.Release|x86.Build.0 = Release|Any CPU
		{9BCCE723-AF6D-407A-8572-B021C440E004}.Debug|Any CPU.ActiveCfg = Debug|Any CPU
		{9BCCE723-AF6D-407A-8572-B021C440E004}.Debug|Any CPU.Build.0 = Debug|Any CPU
		{9BCCE723-AF6D-407A-8572-B021C440E004}.Debug|x64.ActiveCfg = Debug|Any CPU
		{9BCCE723-AF6D-407A-8572-B021C440E004}.Debug|x64.Build.0 = Debug|Any CPU
		{9BCCE723-AF6D-407A-8572-B021C440E004}.Debug|x86.ActiveCfg = Debug|Any CPU
		{9BCCE723-AF6D-407A-8572-B021C440E004}.Debug|x86.Build.0 = Debug|Any CPU
		{9BCCE723-AF6D-407A-8572-B021C440E004}.Release|Any CPU.ActiveCfg = Release|Any CPU
		{9BCCE723-AF6D-407A-8572-B021C440E004}.Release|Any CPU.Build.0 = Release|Any CPU
		{9BCCE723-AF6D-407A-8572-B021C440E004}.Release|x64.ActiveCfg = Release|Any CPU
		{9BCCE723-AF6D-407A-8572-B021C440E004}.Release|x64.Build.0 = Release|Any CPU
		{9BCCE723-AF6D-407A-8572-B021C440E004}.Release|x86.ActiveCfg = Release|Any CPU
		{9BCCE723-AF6D-407A-8572-B021C440E004}.Release|x86.Build.0 = Release|Any CPU
		{28D13F83-EEC9-4E0B-9AA2-BF83421D514D}.Debug|Any CPU.ActiveCfg = Debug|Any CPU
		{28D13F83-EEC9-4E0B-9AA2-BF83421D514D}.Debug|Any CPU.Build.0 = Debug|Any CPU
		{28D13F83-EEC9-4E0B-9AA2-BF83421D514D}.Debug|x64.ActiveCfg = Debug|Any CPU
		{28D13F83-EEC9-4E0B-9AA2-BF83421D514D}.Debug|x64.Build.0 = Debug|Any CPU
		{28D13F83-EEC9-4E0B-9AA2-BF83421D514D}.Debug|x86.ActiveCfg = Debug|Any CPU
		{28D13F83-EEC9-4E0B-9AA2-BF83421D514D}.Debug|x86.Build.0 = Debug|Any CPU
		{28D13F83-EEC9-4E0B-9AA2-BF83421D514D}.Release|Any CPU.ActiveCfg = Release|Any CPU
		{28D13F83-EEC9-4E0B-9AA2-BF83421D514D}.Release|Any CPU.Build.0 = Release|Any CPU
		{28D13F83-EEC9-4E0B-9AA2-BF83421D514D}.Release|x64.ActiveCfg = Release|Any CPU
		{28D13F83-EEC9-4E0B-9AA2-BF83421D514D}.Release|x64.Build.0 = Release|Any CPU
		{28D13F83-EEC9-4E0B-9AA2-BF83421D514D}.Release|x86.ActiveCfg = Release|Any CPU
		{28D13F83-EEC9-4E0B-9AA2-BF83421D514D}.Release|x86.Build.0 = Release|Any CPU
		{CD7DD6AC-0F6B-4D84-9C51-055435336E29}.Debug|Any CPU.ActiveCfg = Debug|Any CPU
		{CD7DD6AC-0F6B-4D84-9C51-055435336E29}.Debug|Any CPU.Build.0 = Debug|Any CPU
		{CD7DD6AC-0F6B-4D84-9C51-055435336E29}.Debug|x64.ActiveCfg = Debug|Any CPU
		{CD7DD6AC-0F6B-4D84-9C51-055435336E29}.Debug|x64.Build.0 = Debug|Any CPU
		{CD7DD6AC-0F6B-4D84-9C51-055435336E29}.Debug|x86.ActiveCfg = Debug|Any CPU
		{CD7DD6AC-0F6B-4D84-9C51-055435336E29}.Debug|x86.Build.0 = Debug|Any CPU
		{CD7DD6AC-0F6B-4D84-9C51-055435336E29}.Release|Any CPU.ActiveCfg = Release|Any CPU
		{CD7DD6AC-0F6B-4D84-9C51-055435336E29}.Release|Any CPU.Build.0 = Release|Any CPU
		{CD7DD6AC-0F6B-4D84-9C51-055435336E29}.Release|x64.ActiveCfg = Release|Any CPU
		{CD7DD6AC-0F6B-4D84-9C51-055435336E29}.Release|x64.Build.0 = Release|Any CPU
		{CD7DD6AC-0F6B-4D84-9C51-055435336E29}.Release|x86.ActiveCfg = Release|Any CPU
		{CD7DD6AC-0F6B-4D84-9C51-055435336E29}.Release|x86.Build.0 = Release|Any CPU
	EndGlobalSection
	GlobalSection(SolutionProperties) = preSolution
		HideSolutionNode = FALSE
	EndGlobalSection
	GlobalSection(NestedProjects) = preSolution
		{02B7CC57-F554-46D2-BF08-6884138F8B3D} = {827E0CD3-B72D-47B6-A68D-7590B98EB39B}
		{CFCBEC10-9C03-493A-9389-F8FE01945EEF} = {0AB3BF05-4346-4AA6-1389-037BE0695223}
		{A2D0F1D1-2607-4E91-85D5-021410C978B2} = {827E0CD3-B72D-47B6-A68D-7590B98EB39B}
		{FE4A76F9-8DA1-4FAE-8CC9-7C57E38B9C04} = {0AB3BF05-4346-4AA6-1389-037BE0695223}
		{16D3D376-465B-42DA-9ACC-C560A77B66FF} = {827E0CD3-B72D-47B6-A68D-7590B98EB39B}
		{22255757-FA5E-476B-B571-202138D243EE} = {0AB3BF05-4346-4AA6-1389-037BE0695223}
		{D1D6727D-B25C-4CE9-B111-32BC91D8FBDD} = {827E0CD3-B72D-47B6-A68D-7590B98EB39B}
		{F068B587-2EF1-459C-9A0D-09931BAF14B5} = {0AB3BF05-4346-4AA6-1389-037BE0695223}
		{52F51AA6-5133-4CCA-87F5-9058B81D3D99} = {827E0CD3-B72D-47B6-A68D-7590B98EB39B}
		{1E1B952B-0CA5-48EA-B128-88A1B2E8921B} = {0AB3BF05-4346-4AA6-1389-037BE0695223}
		{0897271D-4769-43B3-9032-898B718247D5} = {827E0CD3-B72D-47B6-A68D-7590B98EB39B}
		{2AA2D9AA-68A4-421F-83B4-45598CEC40E8} = {0AB3BF05-4346-4AA6-1389-037BE0695223}
		{D9AB087D-517C-420A-8D61-079984413352} = {827E0CD3-B72D-47B6-A68D-7590B98EB39B}
		{83130B7A-357A-42D2-83E5-4F17D4593C04} = {0AB3BF05-4346-4AA6-1389-037BE0695223}
		{15CB7F90-8C12-4B91-907D-00C17F81BB0E} = {827E0CD3-B72D-47B6-A68D-7590B98EB39B}
		{B6EF2543-D960-4BEE-8E4F-5E20FCB5C9C0} = {0AB3BF05-4346-4AA6-1389-037BE0695223}
		{A415D4E5-447F-41F7-92F8-5874186F63F0} = {827E0CD3-B72D-47B6-A68D-7590B98EB39B}
		{ECF1A095-7D9D-490A-B15B-71455CD703FB} = {0AB3BF05-4346-4AA6-1389-037BE0695223}
		{3080CEBF-B8B5-4BBB-99EE-F526E3771B68} = {0AB3BF05-4346-4AA6-1389-037BE0695223}
		{4DB7DB2F-FDC2-49B0-9D48-6D769C16B2E0} = {827E0CD3-B72D-47B6-A68D-7590B98EB39B}
		{C182537E-1000-4A39-ACC7-B97F32C080BA} = {0AB3BF05-4346-4AA6-1389-037BE0695223}
		{894C4D4A-4C2A-42D4-878F-6B4C100D41EE} = {827E0CD3-B72D-47B6-A68D-7590B98EB39B}
		{F7053B37-5591-455F-B3A2-0CE2DC99CCFE} = {0AB3BF05-4346-4AA6-1389-037BE0695223}
		{912623A3-3189-47A7-A772-E64A0EE7F5F3} = {827E0CD3-B72D-47B6-A68D-7590B98EB39B}
		{3B95FEB9-1C92-4C69-BC56-1666122FD748} = {0AB3BF05-4346-4AA6-1389-037BE0695223}
		{5843CFBB-7C00-40DD-B32B-06B599F603CB} = {827E0CD3-B72D-47B6-A68D-7590B98EB39B}
		{F065FEBE-DDF1-40AD-897F-39CE1CBCE8B2} = {0AB3BF05-4346-4AA6-1389-037BE0695223}
		{3390F0F2-8811-4181-96FC-E78BA0A5C06C} = {827E0CD3-B72D-47B6-A68D-7590B98EB39B}
		{F3D6156C-57AB-4203-922D-B4460DE3A91D} = {0AB3BF05-4346-4AA6-1389-037BE0695223}
		{AF07EAE1-2661-468F-9E5D-93F179E1C45E} = {827E0CD3-B72D-47B6-A68D-7590B98EB39B}
		{59F15A84-6893-430F-A6C9-8D01F48A97D0} = {0AB3BF05-4346-4AA6-1389-037BE0695223}
		{63BF9652-2351-484E-8473-829AF90CB15F} = {827E0CD3-B72D-47B6-A68D-7590B98EB39B}
		{9ED28FCB-AFEA-4776-8435-48DCC418F954} = {0AB3BF05-4346-4AA6-1389-037BE0695223}
		{2ED7258F-F905-40C3-8719-B425BBEC8CEB} = {827E0CD3-B72D-47B6-A68D-7590B98EB39B}
		{56451DD7-17FF-4F48-BA9A-3333DB9CA5CE} = {0AB3BF05-4346-4AA6-1389-037BE0695223}
		{0855232A-8316-4289-B901-15D2D9F7B656} = {827E0CD3-B72D-47B6-A68D-7590B98EB39B}
		{C59A1FBF-0E7A-400B-BE2C-D4E62AA963F2} = {0AB3BF05-4346-4AA6-1389-037BE0695223}
		{9F41502E-6E43-4975-BDF1-0816FC2907CB} = {827E0CD3-B72D-47B6-A68D-7590B98EB39B}
		{860EFFFC-BA7C-4B3F-B10D-8857C299741F} = {0AB3BF05-4346-4AA6-1389-037BE0695223}
		{3F34E94B-BBBE-46A2-BA09-9D712A875CA2} = {827E0CD3-B72D-47B6-A68D-7590B98EB39B}
		{E26F4189-A215-478A-B11D-B8779C0833C1} = {0AB3BF05-4346-4AA6-1389-037BE0695223}
		{42F23311-1BAC-4541-8678-CB2EAC053152} = {827E0CD3-B72D-47B6-A68D-7590B98EB39B}
		{1D341F83-8018-418E-BAFE-9DAAD6DABF27} = {0AB3BF05-4346-4AA6-1389-037BE0695223}
		{078DA83F-D7D6-46B5-B78A-3429A6973C7C} = {827E0CD3-B72D-47B6-A68D-7590B98EB39B}
		{7CD0CD48-A80B-4DF5-8F61-CA00625472AC} = {0AB3BF05-4346-4AA6-1389-037BE0695223}
		{CD87E0AD-DEEC-40E5-9154-8656E303B66D} = {827E0CD3-B72D-47B6-A68D-7590B98EB39B}
		{9BCCE723-AF6D-407A-8572-B021C440E004} = {0AB3BF05-4346-4AA6-1389-037BE0695223}
		{28D13F83-EEC9-4E0B-9AA2-BF83421D514D} = {827E0CD3-B72D-47B6-A68D-7590B98EB39B}
		{CD7DD6AC-0F6B-4D84-9C51-055435336E29} = {0AB3BF05-4346-4AA6-1389-037BE0695223}
	EndGlobalSection
EndGlobal
